// !$*UTF8*$!
{
	archiveVersion = 1;
	classes = {
	};
	objectVersion = 46;
	objects = {

/* Begin PBXBuildFile section */
		A502A00D1A86DF2D00376149 /* StringExtension.swift in Sources */ = {isa = PBXBuildFile; fileRef = A502A00C1A86DF2D00376149 /* StringExtension.swift */; };
		A508C08C1AB7052A00FAF9F3 /* AddRoomViewController.swift in Sources */ = {isa = PBXBuildFile; fileRef = A508C08B1AB7052A00FAF9F3 /* AddRoomViewController.swift */; };
		A512DCA01A8774D000BA361E /* FacebookSDK.framework in Frameworks */ = {isa = PBXBuildFile; fileRef = A570190A1A82BFF000C8F516 /* FacebookSDK.framework */; };
		A512DCA11A8774DB00BA361E /* GooglePlus.framework in Frameworks */ = {isa = PBXBuildFile; fileRef = A59B85F11A83F63400468096 /* GooglePlus.framework */; };
		A523B2341A96A19900D38277 /* RoomDetailViewController.swift in Sources */ = {isa = PBXBuildFile; fileRef = A523B2331A96A19900D38277 /* RoomDetailViewController.swift */; };
		A523B2361A96A31F00D38277 /* PersonCell.swift in Sources */ = {isa = PBXBuildFile; fileRef = A523B2351A96A31F00D38277 /* PersonCell.swift */; };
		A523B2381A96A4A400D38277 /* Member.swift in Sources */ = {isa = PBXBuildFile; fileRef = A523B2371A96A4A400D38277 /* Member.swift */; };
		A525DAF51A6A88600024580A /* AppDelegate.swift in Sources */ = {isa = PBXBuildFile; fileRef = A525DAF41A6A88600024580A /* AppDelegate.swift */; };
		A525DB0B1A6A88600024580A /* AuthenticationTests.swift in Sources */ = {isa = PBXBuildFile; fileRef = A525DB0A1A6A88600024580A /* AuthenticationTests.swift */; };
		A5282AB01ABCEEEB0094FAD3 /* mySky.jpg in Resources */ = {isa = PBXBuildFile; fileRef = A5282AAD1ABCEEEB0094FAD3 /* mySky.jpg */; };
		A5282AB11ABCEEEB0094FAD3 /* mySky@2x.jpg in Resources */ = {isa = PBXBuildFile; fileRef = A5282AAE1ABCEEEB0094FAD3 /* mySky@2x.jpg */; };
		A5282AB21ABCEEEB0094FAD3 /* mySky@3x.jpg in Resources */ = {isa = PBXBuildFile; fileRef = A5282AAF1ABCEEEB0094FAD3 /* mySky@3x.jpg */; };
		A5294AD71A6C963000AD51FA /* JSSAlertView.swift in Sources */ = {isa = PBXBuildFile; fileRef = A5294AD61A6C963000AD51FA /* JSSAlertView.swift */; };
		A52F0F0D1A70531600206DE7 /* PersistencyManager.swift in Sources */ = {isa = PBXBuildFile; fileRef = A52F0F0C1A70531600206DE7 /* PersistencyManager.swift */; };
		A52F0F0F1A70532C00206DE7 /* LocationManager.swift in Sources */ = {isa = PBXBuildFile; fileRef = A52F0F0E1A70532C00206DE7 /* LocationManager.swift */; };
		A52F0F231A70BD1E00206DE7 /* Facade.swift in Sources */ = {isa = PBXBuildFile; fileRef = A52F0F221A70BD1E00206DE7 /* Facade.swift */; };
		A53174151AB264FC00A5AD80 /* ProfileViewController.swift in Sources */ = {isa = PBXBuildFile; fileRef = A53174141AB264FC00A5AD80 /* ProfileViewController.swift */; };
		A53C3D771ABCE77500ACCDF5 /* beaconSchool.jpg in Resources */ = {isa = PBXBuildFile; fileRef = A53C3D741ABCE77500ACCDF5 /* beaconSchool.jpg */; };
		A53C3D781ABCE77500ACCDF5 /* beaconSchool@2x.jpg in Resources */ = {isa = PBXBuildFile; fileRef = A53C3D751ABCE77500ACCDF5 /* beaconSchool@2x.jpg */; };
		A53C3D791ABCE77500ACCDF5 /* beaconSchool@3x.jpg in Resources */ = {isa = PBXBuildFile; fileRef = A53C3D761ABCE77500ACCDF5 /* beaconSchool@3x.jpg */; };
		A546A9CD1AB0D98E00B28B4F /* Person.swift in Sources */ = {isa = PBXBuildFile; fileRef = A546A9CC1AB0D98E00B28B4F /* Person.swift */; };
		A550DD0C1AAB687300F87680 /* Menu.plist in Resources */ = {isa = PBXBuildFile; fileRef = A550DD0B1AAB687300F87680 /* Menu.plist */; };
		A56874EA1AA1BB12006FFD40 /* BFRadialWaveHUD.m in Sources */ = {isa = PBXBuildFile; fileRef = A56874E91AA1BB12006FFD40 /* BFRadialWaveHUD.m */; };
		A56874EF1AA1BB6E006FFD40 /* UIImage+KVNEmpty.m in Sources */ = {isa = PBXBuildFile; fileRef = A56874EC1AA1BB6E006FFD40 /* UIImage+KVNEmpty.m */; };
		A56874F01AA1BB6E006FFD40 /* UIImage+KVNImageEffects.m in Sources */ = {isa = PBXBuildFile; fileRef = A56874EE1AA1BB6E006FFD40 /* UIImage+KVNImageEffects.m */; };
		A56874F51AA1BBB4006FFD40 /* BFGradientCALayer.m in Sources */ = {isa = PBXBuildFile; fileRef = A56874F21AA1BBB4006FFD40 /* BFGradientCALayer.m */; };
		A56874F61AA1BBB4006FFD40 /* BFRadialWaveView.m in Sources */ = {isa = PBXBuildFile; fileRef = A56874F41AA1BBB4006FFD40 /* BFRadialWaveView.m */; };
		A56874F91AA1BBE9006FFD40 /* UIColor+BFPaperColors.m in Sources */ = {isa = PBXBuildFile; fileRef = A56874F81AA1BBE9006FFD40 /* UIColor+BFPaperColors.m */; };
		A56874FB1AA1BED0006FFD40 /* BFRadialWaveHUD.xib in Resources */ = {isa = PBXBuildFile; fileRef = A56874FA1AA1BED0006FFD40 /* BFRadialWaveHUD.xib */; };
		A570190B1A82BFF000C8F516 /* FacebookSDK.framework in Frameworks */ = {isa = PBXBuildFile; fileRef = A570190A1A82BFF000C8F516 /* FacebookSDK.framework */; };
		A59017EF1ABB16AF003A3A49 /* Localizable.strings in Resources */ = {isa = PBXBuildFile; fileRef = A59017F11ABB16AF003A3A49 /* Localizable.strings */; };
		A594F8CB1A856A2700C1B583 /* SignUpViewController.swift in Sources */ = {isa = PBXBuildFile; fileRef = A594F8CA1A856A2700C1B583 /* SignUpViewController.swift */; };
		A594F8DD1A861C8500C1B583 /* Main.storyboard in Resources */ = {isa = PBXBuildFile; fileRef = A594F8DF1A861C8500C1B583 /* Main.storyboard */; };
		A594F8E41A862C3700C1B583 /* SwiftyJSON.swift in Sources */ = {isa = PBXBuildFile; fileRef = A594F8E31A862C3700C1B583 /* SwiftyJSON.swift */; };
		A5951A241A93F80000E6DB3B /* CLProximityExtension.swift in Sources */ = {isa = PBXBuildFile; fileRef = A5951A231A93F80000E6DB3B /* CLProximityExtension.swift */; };
		A5951A261A93FA2800E6DB3B /* WalkthroughViewController.swift in Sources */ = {isa = PBXBuildFile; fileRef = A5951A251A93FA2800E6DB3B /* WalkthroughViewController.swift */; };
		A5951A291A95202F00E6DB3B /* RoomCell.swift in Sources */ = {isa = PBXBuildFile; fileRef = A5951A281A95202F00E6DB3B /* RoomCell.swift */; };
		A5951A2B1A95206F00E6DB3B /* Room.swift in Sources */ = {isa = PBXBuildFile; fileRef = A5951A2A1A95206F00E6DB3B /* Room.swift */; };
		A59B84C91A8702BF0086D2FB /* Alamofire.swift in Sources */ = {isa = PBXBuildFile; fileRef = A59B84C81A8702BF0086D2FB /* Alamofire.swift */; };
		A59B85EB1A82D39500468096 /* NetworkManager.swift in Sources */ = {isa = PBXBuildFile; fileRef = A59B85EA1A82D39500468096 /* NetworkManager.swift */; };
		A59B85EE1A839DF100468096 /* AuthenticationViewController.swift in Sources */ = {isa = PBXBuildFile; fileRef = A59B85ED1A839DF100468096 /* AuthenticationViewController.swift */; };
		A59B85F21A83F63400468096 /* GoogleOpenSource.framework in Frameworks */ = {isa = PBXBuildFile; fileRef = A59B85EF1A83F63400468096 /* GoogleOpenSource.framework */; };
		A59B85F31A83F63400468096 /* GooglePlus.bundle in Resources */ = {isa = PBXBuildFile; fileRef = A59B85F01A83F63400468096 /* GooglePlus.bundle */; };
		A59B85F41A83F63400468096 /* GooglePlus.framework in Frameworks */ = {isa = PBXBuildFile; fileRef = A59B85F11A83F63400468096 /* GooglePlus.framework */; };
		A59B85F91A83FD2E00468096 /* AssetsLibrary.framework in Frameworks */ = {isa = PBXBuildFile; fileRef = A59B85F81A83FD2E00468096 /* AssetsLibrary.framework */; };
		A59B85FB1A83FD3300468096 /* Foundation.framework in Frameworks */ = {isa = PBXBuildFile; fileRef = A59B85FA1A83FD3300468096 /* Foundation.framework */; };
		A59B85FD1A83FD3D00468096 /* CoreMotion.framework in Frameworks */ = {isa = PBXBuildFile; fileRef = A59B85FC1A83FD3D00468096 /* CoreMotion.framework */; };
		A59B85FF1A83FD4300468096 /* CoreGraphics.framework in Frameworks */ = {isa = PBXBuildFile; fileRef = A59B85FE1A83FD4300468096 /* CoreGraphics.framework */; };
		A59B86011A83FD4A00468096 /* MediaPlayer.framework in Frameworks */ = {isa = PBXBuildFile; fileRef = A59B86001A83FD4A00468096 /* MediaPlayer.framework */; };
		A59B86031A83FD5100468096 /* CoreText.framework in Frameworks */ = {isa = PBXBuildFile; fileRef = A59B86021A83FD5100468096 /* CoreText.framework */; };
		A59B86051A83FD5700468096 /* Security.framework in Frameworks */ = {isa = PBXBuildFile; fileRef = A59B86041A83FD5700468096 /* Security.framework */; };
		A59B86071A83FD6000468096 /* SystemConfiguration.framework in Frameworks */ = {isa = PBXBuildFile; fileRef = A59B86061A83FD6000468096 /* SystemConfiguration.framework */; };
		A59B86091A83FD6500468096 /* UIKit.framework in Frameworks */ = {isa = PBXBuildFile; fileRef = A59B86081A83FD6500468096 /* UIKit.framework */; };
		A5BFFF261AAF8658000AD1AC /* AddressBook.framework in Frameworks */ = {isa = PBXBuildFile; fileRef = A59B85F61A83FD2800468096 /* AddressBook.framework */; };
		A5C4F3CF1A98D61800CBD853 /* Images.xcassets in Resources */ = {isa = PBXBuildFile; fileRef = A5C4F3CE1A98D61800CBD853 /* Images.xcassets */; };
		A5CB85991A954D480091B52F /* UIColorExtension.swift in Sources */ = {isa = PBXBuildFile; fileRef = A5CB85981A954D480091B52F /* UIColorExtension.swift */; };
		A5D652FB1AB20C1B005951D7 /* HeaderShadowView.swift in Sources */ = {isa = PBXBuildFile; fileRef = A5D652F01AB20C1B005951D7 /* HeaderShadowView.swift */; };
		A5D652FC1AB20C1B005951D7 /* StickyHeaderView.swift in Sources */ = {isa = PBXBuildFile; fileRef = A5D652F11AB20C1B005951D7 /* StickyHeaderView.swift */; };
		A5D652FD1AB20C1B005951D7 /* UIEdgeInsets+Equatable.swift in Sources */ = {isa = PBXBuildFile; fileRef = A5D652F31AB20C1B005951D7 /* UIEdgeInsets+Equatable.swift */; };
		A5D652FE1AB20C1B005951D7 /* UIScrollView+NormalizedContentOffset.swift in Sources */ = {isa = PBXBuildFile; fileRef = A5D652F41AB20C1B005951D7 /* UIScrollView+NormalizedContentOffset.swift */; };
		A5D652FF1AB20C1B005951D7 /* MenuCell.swift in Sources */ = {isa = PBXBuildFile; fileRef = A5D652F61AB20C1B005951D7 /* MenuCell.swift */; };
		A5D653001AB20C1B005951D7 /* MenuItem.swift in Sources */ = {isa = PBXBuildFile; fileRef = A5D652F71AB20C1B005951D7 /* MenuItem.swift */; };
		A5D653011AB20C1B005951D7 /* MenuView.swift in Sources */ = {isa = PBXBuildFile; fileRef = A5D652F81AB20C1B005951D7 /* MenuView.swift */; };
		A5D653021AB20C1B005951D7 /* MenuViewDelegate.swift in Sources */ = {isa = PBXBuildFile; fileRef = A5D652F91AB20C1B005951D7 /* MenuViewDelegate.swift */; };
		A5E5EC881A952EE8007CF4E8 /* RoomsListViewController.swift in Sources */ = {isa = PBXBuildFile; fileRef = A5E5EC871A952EE8007CF4E8 /* RoomsListViewController.swift */; };
		A5E8C9481A98A163003DEF80 /* SplashViewController.swift in Sources */ = {isa = PBXBuildFile; fileRef = A5E8C9471A98A163003DEF80 /* SplashViewController.swift */; };
		A5F336A51A6DD00A00DDF59B /* Beacon.swift in Sources */ = {isa = PBXBuildFile; fileRef = A5F336A41A6DD00A00DDF59B /* Beacon.swift */; };
		A5F336A71A6DD1CF00DDF59B /* CoreLocation.framework in Frameworks */ = {isa = PBXBuildFile; fileRef = A5F336A61A6DD1CF00DDF59B /* CoreLocation.framework */; };
		A5FE76291A86A48D00BBE51B /* UIViewExtensions.swift in Sources */ = {isa = PBXBuildFile; fileRef = A5FE76281A86A48D00BBE51B /* UIViewExtensions.swift */; };
/* End PBXBuildFile section */

/* Begin PBXContainerItemProxy section */
		A525DB051A6A88600024580A /* PBXContainerItemProxy */ = {
			isa = PBXContainerItemProxy;
			containerPortal = A525DAE71A6A88600024580A /* Project object */;
			proxyType = 1;
			remoteGlobalIDString = A525DAEE1A6A88600024580A;
			remoteInfo = StudentProjectInfotel;
		};
/* End PBXContainerItemProxy section */

/* Begin PBXFileReference section */
		A502A00C1A86DF2D00376149 /* StringExtension.swift */ = {isa = PBXFileReference; fileEncoding = 4; lastKnownFileType = sourcecode.swift; path = StringExtension.swift; sourceTree = "<group>"; };
		A508C08B1AB7052A00FAF9F3 /* AddRoomViewController.swift */ = {isa = PBXFileReference; fileEncoding = 4; lastKnownFileType = sourcecode.swift; name = AddRoomViewController.swift; path = StudentProjectInfotel/ViewControllers/Rooms/AddRoomViewController.swift; sourceTree = SOURCE_ROOT; };
		A523B2331A96A19900D38277 /* RoomDetailViewController.swift */ = {isa = PBXFileReference; fileEncoding = 4; lastKnownFileType = sourcecode.swift; path = RoomDetailViewController.swift; sourceTree = "<group>"; };
		A523B2351A96A31F00D38277 /* PersonCell.swift */ = {isa = PBXFileReference; fileEncoding = 4; lastKnownFileType = sourcecode.swift; path = PersonCell.swift; sourceTree = "<group>"; };
		A523B2371A96A4A400D38277 /* Member.swift */ = {isa = PBXFileReference; fileEncoding = 4; lastKnownFileType = sourcecode.swift; path = Member.swift; sourceTree = "<group>"; };
		A525DAEF1A6A88600024580A /* StudentProjectInfotel.app */ = {isa = PBXFileReference; explicitFileType = wrapper.application; includeInIndex = 0; path = StudentProjectInfotel.app; sourceTree = BUILT_PRODUCTS_DIR; };
		A525DAF31A6A88600024580A /* Info.plist */ = {isa = PBXFileReference; lastKnownFileType = text.plist.xml; path = Info.plist; sourceTree = "<group>"; };
		A525DAF41A6A88600024580A /* AppDelegate.swift */ = {isa = PBXFileReference; lastKnownFileType = sourcecode.swift; path = AppDelegate.swift; sourceTree = "<group>"; };
		A525DB041A6A88600024580A /* StudentProjectInfotelTests.xctest */ = {isa = PBXFileReference; explicitFileType = wrapper.cfbundle; includeInIndex = 0; path = StudentProjectInfotelTests.xctest; sourceTree = BUILT_PRODUCTS_DIR; };
		A525DB091A6A88600024580A /* Info.plist */ = {isa = PBXFileReference; lastKnownFileType = text.plist.xml; path = Info.plist; sourceTree = "<group>"; };
		A525DB0A1A6A88600024580A /* AuthenticationTests.swift */ = {isa = PBXFileReference; lastKnownFileType = sourcecode.swift; path = AuthenticationTests.swift; sourceTree = "<group>"; };
		A5282AAD1ABCEEEB0094FAD3 /* mySky.jpg */ = {isa = PBXFileReference; lastKnownFileType = image.jpeg; path = mySky.jpg; sourceTree = "<group>"; };
		A5282AAE1ABCEEEB0094FAD3 /* mySky@2x.jpg */ = {isa = PBXFileReference; lastKnownFileType = image.jpeg; path = "mySky@2x.jpg"; sourceTree = "<group>"; };
		A5282AAF1ABCEEEB0094FAD3 /* mySky@3x.jpg */ = {isa = PBXFileReference; lastKnownFileType = image.jpeg; path = "mySky@3x.jpg"; sourceTree = "<group>"; };
		A5294AD31A6C954800AD51FA /* ClearSans-Bold.ttf */ = {isa = PBXFileReference; lastKnownFileType = file; path = "ClearSans-Bold.ttf"; sourceTree = "<group>"; };
		A5294AD41A6C954800AD51FA /* ClearSans-Light.ttf */ = {isa = PBXFileReference; lastKnownFileType = file; path = "ClearSans-Light.ttf"; sourceTree = "<group>"; };
		A5294AD51A6C954800AD51FA /* ClearSans-Regular.ttf */ = {isa = PBXFileReference; lastKnownFileType = file; path = "ClearSans-Regular.ttf"; sourceTree = "<group>"; };
		A5294AD61A6C963000AD51FA /* JSSAlertView.swift */ = {isa = PBXFileReference; fileEncoding = 4; lastKnownFileType = sourcecode.swift; path = JSSAlertView.swift; sourceTree = "<group>"; };
		A52F0F0C1A70531600206DE7 /* PersistencyManager.swift */ = {isa = PBXFileReference; fileEncoding = 4; lastKnownFileType = sourcecode.swift; path = PersistencyManager.swift; sourceTree = "<group>"; };
		A52F0F0E1A70532C00206DE7 /* LocationManager.swift */ = {isa = PBXFileReference; fileEncoding = 4; lastKnownFileType = sourcecode.swift; path = LocationManager.swift; sourceTree = "<group>"; };
		A52F0F221A70BD1E00206DE7 /* Facade.swift */ = {isa = PBXFileReference; fileEncoding = 4; lastKnownFileType = sourcecode.swift; path = Facade.swift; sourceTree = "<group>"; };
		A53174141AB264FC00A5AD80 /* ProfileViewController.swift */ = {isa = PBXFileReference; fileEncoding = 4; lastKnownFileType = sourcecode.swift; name = ProfileViewController.swift; path = StudentProjectInfotel/ViewControllers/ProfileViewController.swift; sourceTree = SOURCE_ROOT; };
		A53C3D741ABCE77500ACCDF5 /* beaconSchool.jpg */ = {isa = PBXFileReference; lastKnownFileType = image.jpeg; path = beaconSchool.jpg; sourceTree = "<group>"; };
		A53C3D751ABCE77500ACCDF5 /* beaconSchool@2x.jpg */ = {isa = PBXFileReference; lastKnownFileType = image.jpeg; path = "beaconSchool@2x.jpg"; sourceTree = "<group>"; };
		A53C3D761ABCE77500ACCDF5 /* beaconSchool@3x.jpg */ = {isa = PBXFileReference; lastKnownFileType = image.jpeg; path = "beaconSchool@3x.jpg"; sourceTree = "<group>"; };
		A546A9CC1AB0D98E00B28B4F /* Person.swift */ = {isa = PBXFileReference; fileEncoding = 4; lastKnownFileType = sourcecode.swift; path = Person.swift; sourceTree = "<group>"; };
		A550DD0B1AAB687300F87680 /* Menu.plist */ = {isa = PBXFileReference; fileEncoding = 4; lastKnownFileType = text.plist.xml; path = Menu.plist; sourceTree = "<group>"; };
		A56874E81AA1BB12006FFD40 /* BFRadialWaveHUD.h */ = {isa = PBXFileReference; fileEncoding = 4; lastKnownFileType = sourcecode.c.h; path = BFRadialWaveHUD.h; sourceTree = "<group>"; };
		A56874E91AA1BB12006FFD40 /* BFRadialWaveHUD.m */ = {isa = PBXFileReference; fileEncoding = 4; lastKnownFileType = sourcecode.c.objc; path = BFRadialWaveHUD.m; sourceTree = "<group>"; };
		A56874EB1AA1BB6E006FFD40 /* UIImage+KVNEmpty.h */ = {isa = PBXFileReference; fileEncoding = 4; lastKnownFileType = sourcecode.c.h; path = "UIImage+KVNEmpty.h"; sourceTree = "<group>"; };
		A56874EC1AA1BB6E006FFD40 /* UIImage+KVNEmpty.m */ = {isa = PBXFileReference; fileEncoding = 4; lastKnownFileType = sourcecode.c.objc; path = "UIImage+KVNEmpty.m"; sourceTree = "<group>"; };
		A56874ED1AA1BB6E006FFD40 /* UIImage+KVNImageEffects.h */ = {isa = PBXFileReference; fileEncoding = 4; lastKnownFileType = sourcecode.c.h; path = "UIImage+KVNImageEffects.h"; sourceTree = "<group>"; };
		A56874EE1AA1BB6E006FFD40 /* UIImage+KVNImageEffects.m */ = {isa = PBXFileReference; fileEncoding = 4; lastKnownFileType = sourcecode.c.objc; path = "UIImage+KVNImageEffects.m"; sourceTree = "<group>"; };
		A56874F11AA1BBB4006FFD40 /* BFGradientCALayer.h */ = {isa = PBXFileReference; fileEncoding = 4; lastKnownFileType = sourcecode.c.h; path = BFGradientCALayer.h; sourceTree = "<group>"; };
		A56874F21AA1BBB4006FFD40 /* BFGradientCALayer.m */ = {isa = PBXFileReference; fileEncoding = 4; lastKnownFileType = sourcecode.c.objc; path = BFGradientCALayer.m; sourceTree = "<group>"; };
		A56874F31AA1BBB4006FFD40 /* BFRadialWaveView.h */ = {isa = PBXFileReference; fileEncoding = 4; lastKnownFileType = sourcecode.c.h; path = BFRadialWaveView.h; sourceTree = "<group>"; };
		A56874F41AA1BBB4006FFD40 /* BFRadialWaveView.m */ = {isa = PBXFileReference; fileEncoding = 4; lastKnownFileType = sourcecode.c.objc; path = BFRadialWaveView.m; sourceTree = "<group>"; };
		A56874F71AA1BBE9006FFD40 /* UIColor+BFPaperColors.h */ = {isa = PBXFileReference; fileEncoding = 4; lastKnownFileType = sourcecode.c.h; path = "UIColor+BFPaperColors.h"; sourceTree = "<group>"; };
		A56874F81AA1BBE9006FFD40 /* UIColor+BFPaperColors.m */ = {isa = PBXFileReference; fileEncoding = 4; lastKnownFileType = sourcecode.c.objc; path = "UIColor+BFPaperColors.m"; sourceTree = "<group>"; };
		A56874FA1AA1BED0006FFD40 /* BFRadialWaveHUD.xib */ = {isa = PBXFileReference; fileEncoding = 4; lastKnownFileType = file.xib; path = BFRadialWaveHUD.xib; sourceTree = "<group>"; };
		A570190A1A82BFF000C8F516 /* FacebookSDK.framework */ = {isa = PBXFileReference; lastKnownFileType = wrapper.framework; name = FacebookSDK.framework; path = ../../../../../Documents/FacebookSDK/FacebookSDK.framework; sourceTree = "<group>"; };
		A570190D1A82C30200C8F516 /* StudentProjectInfotel-Bridging-Header.h */ = {isa = PBXFileReference; lastKnownFileType = sourcecode.c.h; path = "StudentProjectInfotel-Bridging-Header.h"; sourceTree = "<group>"; };
		A5796C3A1ABDD4A200C63487 /* fr */ = {isa = PBXFileReference; lastKnownFileType = text.plist.strings; name = fr; path = fr.lproj/Main.strings; sourceTree = "<group>"; };
		A59017F01ABB16AF003A3A49 /* fr */ = {isa = PBXFileReference; lastKnownFileType = text.plist.strings; name = fr; path = fr.lproj/Localizable.strings; sourceTree = "<group>"; };
		A59017F21ABB16B2003A3A49 /* Base */ = {isa = PBXFileReference; lastKnownFileType = text.plist.strings; name = Base; path = Base.lproj/Localizable.strings; sourceTree = "<group>"; };
		A594F8CA1A856A2700C1B583 /* SignUpViewController.swift */ = {isa = PBXFileReference; fileEncoding = 4; lastKnownFileType = sourcecode.swift; path = SignUpViewController.swift; sourceTree = "<group>"; };
		A594F8DE1A861C8500C1B583 /* Base */ = {isa = PBXFileReference; lastKnownFileType = file.storyboard; name = Base; path = Base.lproj/Main.storyboard; sourceTree = "<group>"; };
		A594F8E31A862C3700C1B583 /* SwiftyJSON.swift */ = {isa = PBXFileReference; fileEncoding = 4; lastKnownFileType = sourcecode.swift; path = SwiftyJSON.swift; sourceTree = "<group>"; };
		A5951A231A93F80000E6DB3B /* CLProximityExtension.swift */ = {isa = PBXFileReference; fileEncoding = 4; lastKnownFileType = sourcecode.swift; path = CLProximityExtension.swift; sourceTree = "<group>"; };
		A5951A251A93FA2800E6DB3B /* WalkthroughViewController.swift */ = {isa = PBXFileReference; fileEncoding = 4; lastKnownFileType = sourcecode.swift; path = WalkthroughViewController.swift; sourceTree = "<group>"; };
		A5951A281A95202F00E6DB3B /* RoomCell.swift */ = {isa = PBXFileReference; fileEncoding = 4; lastKnownFileType = sourcecode.swift; path = RoomCell.swift; sourceTree = "<group>"; };
		A5951A2A1A95206F00E6DB3B /* Room.swift */ = {isa = PBXFileReference; fileEncoding = 4; lastKnownFileType = sourcecode.swift; path = Room.swift; sourceTree = "<group>"; };
		A59B84C81A8702BF0086D2FB /* Alamofire.swift */ = {isa = PBXFileReference; fileEncoding = 4; lastKnownFileType = sourcecode.swift; path = Alamofire.swift; sourceTree = "<group>"; };
		A59B85EA1A82D39500468096 /* NetworkManager.swift */ = {isa = PBXFileReference; fileEncoding = 4; lastKnownFileType = sourcecode.swift; name = NetworkManager.swift; path = Network/NetworkManager.swift; sourceTree = "<group>"; };
		A59B85ED1A839DF100468096 /* AuthenticationViewController.swift */ = {isa = PBXFileReference; fileEncoding = 4; lastKnownFileType = sourcecode.swift; path = AuthenticationViewController.swift; sourceTree = "<group>"; };
		A59B85EF1A83F63400468096 /* GoogleOpenSource.framework */ = {isa = PBXFileReference; lastKnownFileType = wrapper.framework; name = GoogleOpenSource.framework; path = "../../../../../../Downloads/google-plus-ios-sdk-1.7.1/GoogleOpenSource.framework"; sourceTree = "<group>"; };
		A59B85F01A83F63400468096 /* GooglePlus.bundle */ = {isa = PBXFileReference; lastKnownFileType = "wrapper.plug-in"; name = GooglePlus.bundle; path = "../../../../../../Downloads/google-plus-ios-sdk-1.7.1/GooglePlus.bundle"; sourceTree = "<group>"; };
		A59B85F11A83F63400468096 /* GooglePlus.framework */ = {isa = PBXFileReference; lastKnownFileType = wrapper.framework; name = GooglePlus.framework; path = "../../../../../../Downloads/google-plus-ios-sdk-1.7.1/GooglePlus.framework"; sourceTree = "<group>"; };
		A59B85F61A83FD2800468096 /* AddressBook.framework */ = {isa = PBXFileReference; lastKnownFileType = wrapper.framework; name = AddressBook.framework; path = System/Library/Frameworks/AddressBook.framework; sourceTree = SDKROOT; };
		A59B85F81A83FD2E00468096 /* AssetsLibrary.framework */ = {isa = PBXFileReference; lastKnownFileType = wrapper.framework; name = AssetsLibrary.framework; path = System/Library/Frameworks/AssetsLibrary.framework; sourceTree = SDKROOT; };
		A59B85FA1A83FD3300468096 /* Foundation.framework */ = {isa = PBXFileReference; lastKnownFileType = wrapper.framework; name = Foundation.framework; path = System/Library/Frameworks/Foundation.framework; sourceTree = SDKROOT; };
		A59B85FC1A83FD3D00468096 /* CoreMotion.framework */ = {isa = PBXFileReference; lastKnownFileType = wrapper.framework; name = CoreMotion.framework; path = System/Library/Frameworks/CoreMotion.framework; sourceTree = SDKROOT; };
		A59B85FE1A83FD4300468096 /* CoreGraphics.framework */ = {isa = PBXFileReference; lastKnownFileType = wrapper.framework; name = CoreGraphics.framework; path = System/Library/Frameworks/CoreGraphics.framework; sourceTree = SDKROOT; };
		A59B86001A83FD4A00468096 /* MediaPlayer.framework */ = {isa = PBXFileReference; lastKnownFileType = wrapper.framework; name = MediaPlayer.framework; path = System/Library/Frameworks/MediaPlayer.framework; sourceTree = SDKROOT; };
		A59B86021A83FD5100468096 /* CoreText.framework */ = {isa = PBXFileReference; lastKnownFileType = wrapper.framework; name = CoreText.framework; path = System/Library/Frameworks/CoreText.framework; sourceTree = SDKROOT; };
		A59B86041A83FD5700468096 /* Security.framework */ = {isa = PBXFileReference; lastKnownFileType = wrapper.framework; name = Security.framework; path = System/Library/Frameworks/Security.framework; sourceTree = SDKROOT; };
		A59B86061A83FD6000468096 /* SystemConfiguration.framework */ = {isa = PBXFileReference; lastKnownFileType = wrapper.framework; name = SystemConfiguration.framework; path = System/Library/Frameworks/SystemConfiguration.framework; sourceTree = SDKROOT; };
		A59B86081A83FD6500468096 /* UIKit.framework */ = {isa = PBXFileReference; lastKnownFileType = wrapper.framework; name = UIKit.framework; path = System/Library/Frameworks/UIKit.framework; sourceTree = SDKROOT; };
		A5C4F3CE1A98D61800CBD853 /* Images.xcassets */ = {isa = PBXFileReference; lastKnownFileType = folder.assetcatalog; path = Images.xcassets; sourceTree = "<group>"; };
		A5CB85981A954D480091B52F /* UIColorExtension.swift */ = {isa = PBXFileReference; fileEncoding = 4; lastKnownFileType = sourcecode.swift; path = UIColorExtension.swift; sourceTree = "<group>"; };
		A5D652F01AB20C1B005951D7 /* HeaderShadowView.swift */ = {isa = PBXFileReference; fileEncoding = 4; lastKnownFileType = sourcecode.swift; path = HeaderShadowView.swift; sourceTree = "<group>"; };
		A5D652F11AB20C1B005951D7 /* StickyHeaderView.swift */ = {isa = PBXFileReference; fileEncoding = 4; lastKnownFileType = sourcecode.swift; path = StickyHeaderView.swift; sourceTree = "<group>"; };
		A5D652F31AB20C1B005951D7 /* UIEdgeInsets+Equatable.swift */ = {isa = PBXFileReference; fileEncoding = 4; lastKnownFileType = sourcecode.swift; path = "UIEdgeInsets+Equatable.swift"; sourceTree = "<group>"; };
		A5D652F41AB20C1B005951D7 /* UIScrollView+NormalizedContentOffset.swift */ = {isa = PBXFileReference; fileEncoding = 4; lastKnownFileType = sourcecode.swift; path = "UIScrollView+NormalizedContentOffset.swift"; sourceTree = "<group>"; };
		A5D652F61AB20C1B005951D7 /* MenuCell.swift */ = {isa = PBXFileReference; fileEncoding = 4; lastKnownFileType = sourcecode.swift; path = MenuCell.swift; sourceTree = "<group>"; };
		A5D652F71AB20C1B005951D7 /* MenuItem.swift */ = {isa = PBXFileReference; fileEncoding = 4; lastKnownFileType = sourcecode.swift; path = MenuItem.swift; sourceTree = "<group>"; };
		A5D652F81AB20C1B005951D7 /* MenuView.swift */ = {isa = PBXFileReference; fileEncoding = 4; lastKnownFileType = sourcecode.swift; path = MenuView.swift; sourceTree = "<group>"; };
		A5D652F91AB20C1B005951D7 /* MenuViewDelegate.swift */ = {isa = PBXFileReference; fileEncoding = 4; lastKnownFileType = sourcecode.swift; path = MenuViewDelegate.swift; sourceTree = "<group>"; };
		A5E5EC871A952EE8007CF4E8 /* RoomsListViewController.swift */ = {isa = PBXFileReference; fileEncoding = 4; lastKnownFileType = sourcecode.swift; path = RoomsListViewController.swift; sourceTree = "<group>"; };
		A5E8C9471A98A163003DEF80 /* SplashViewController.swift */ = {isa = PBXFileReference; fileEncoding = 4; lastKnownFileType = sourcecode.swift; path = SplashViewController.swift; sourceTree = "<group>"; };
		A5F336A41A6DD00A00DDF59B /* Beacon.swift */ = {isa = PBXFileReference; fileEncoding = 4; lastKnownFileType = sourcecode.swift; path = Beacon.swift; sourceTree = "<group>"; };
		A5F336A61A6DD1CF00DDF59B /* CoreLocation.framework */ = {isa = PBXFileReference; lastKnownFileType = wrapper.framework; name = CoreLocation.framework; path = System/Library/Frameworks/CoreLocation.framework; sourceTree = SDKROOT; };
		A5FE76281A86A48D00BBE51B /* UIViewExtensions.swift */ = {isa = PBXFileReference; fileEncoding = 4; lastKnownFileType = sourcecode.swift; path = UIViewExtensions.swift; sourceTree = "<group>"; };
/* End PBXFileReference section */

/* Begin PBXFrameworksBuildPhase section */
		A525DAEC1A6A88600024580A /* Frameworks */ = {
			isa = PBXFrameworksBuildPhase;
			buildActionMask = 2147483647;
			files = (
				A5BFFF261AAF8658000AD1AC /* AddressBook.framework in Frameworks */,
				A59B86091A83FD6500468096 /* UIKit.framework in Frameworks */,
				A59B86071A83FD6000468096 /* SystemConfiguration.framework in Frameworks */,
				A59B86051A83FD5700468096 /* Security.framework in Frameworks */,
				A59B86031A83FD5100468096 /* CoreText.framework in Frameworks */,
				A59B86011A83FD4A00468096 /* MediaPlayer.framework in Frameworks */,
				A59B85FF1A83FD4300468096 /* CoreGraphics.framework in Frameworks */,
				A59B85FD1A83FD3D00468096 /* CoreMotion.framework in Frameworks */,
				A59B85FB1A83FD3300468096 /* Foundation.framework in Frameworks */,
				A59B85F91A83FD2E00468096 /* AssetsLibrary.framework in Frameworks */,
				A5F336A71A6DD1CF00DDF59B /* CoreLocation.framework in Frameworks */,
				A59B85F41A83F63400468096 /* GooglePlus.framework in Frameworks */,
				A59B85F21A83F63400468096 /* GoogleOpenSource.framework in Frameworks */,
				A570190B1A82BFF000C8F516 /* FacebookSDK.framework in Frameworks */,
			);
			runOnlyForDeploymentPostprocessing = 0;
		};
		A525DB011A6A88600024580A /* Frameworks */ = {
			isa = PBXFrameworksBuildPhase;
			buildActionMask = 2147483647;
			files = (
				A512DCA01A8774D000BA361E /* FacebookSDK.framework in Frameworks */,
				A512DCA11A8774DB00BA361E /* GooglePlus.framework in Frameworks */,
			);
			runOnlyForDeploymentPostprocessing = 0;
		};
/* End PBXFrameworksBuildPhase section */

/* Begin PBXGroup section */
		A525DAE61A6A88600024580A = {
			isa = PBXGroup;
			children = (
				A525DAF11A6A88600024580A /* StudentProjectInfotel */,
				A525DB071A6A88600024580A /* StudentProjectInfotelTests */,
				A525DAF01A6A88600024580A /* Products */,
			);
			sourceTree = "<group>";
		};
		A525DAF01A6A88600024580A /* Products */ = {
			isa = PBXGroup;
			children = (
				A525DAEF1A6A88600024580A /* StudentProjectInfotel.app */,
				A525DB041A6A88600024580A /* StudentProjectInfotelTests.xctest */,
			);
			name = Products;
			sourceTree = "<group>";
		};
		A525DAF11A6A88600024580A /* StudentProjectInfotel */ = {
			isa = PBXGroup;
			children = (
				A525DAF41A6A88600024580A /* AppDelegate.swift */,
				A5FF89CB1A6A9D3E00564555 /* Facade */,
				A5FF89CA1A6A9D1C00564555 /* ViewControllers */,
				A5FF89C91A6A9D1700564555 /* Models */,
				A5FF89C81A6A9D1100564555 /* Views */,
				A5FF89C71A6A9D0A00564555 /* Managers */,
				A5FF89CD1A6A9D5500564555 /* Assets */,
				A552A9EC1AAB7120001F69D5 /* Utils */,
				A5FF89CC1A6A9D4300564555 /* Librairies */,
				A5F336A81A6DD1D800DDF59B /* Frameworks */,
				A525DAF21A6A88600024580A /* Supporting Files */,
			);
			path = StudentProjectInfotel;
			sourceTree = "<group>";
		};
		A525DAF21A6A88600024580A /* Supporting Files */ = {
			isa = PBXGroup;
			children = (
				A59017F11ABB16AF003A3A49 /* Localizable.strings */,
				A525DAF31A6A88600024580A /* Info.plist */,
				A550DD0B1AAB687300F87680 /* Menu.plist */,
				A570190D1A82C30200C8F516 /* StudentProjectInfotel-Bridging-Header.h */,
			);
			path = "Supporting Files";
			sourceTree = "<group>";
		};
		A525DB071A6A88600024580A /* StudentProjectInfotelTests */ = {
			isa = PBXGroup;
			children = (
				A525DB0A1A6A88600024580A /* AuthenticationTests.swift */,
				A525DB081A6A88600024580A /* Supporting Files */,
			);
			path = StudentProjectInfotelTests;
			sourceTree = "<group>";
		};
		A525DB081A6A88600024580A /* Supporting Files */ = {
			isa = PBXGroup;
			children = (
				A525DB091A6A88600024580A /* Info.plist */,
			);
			path = "Supporting Files";
			sourceTree = "<group>";
		};
		A5294AD21A6C94FF00AD51FA /* Fonts */ = {
			isa = PBXGroup;
			children = (
				A5294AD31A6C954800AD51FA /* ClearSans-Bold.ttf */,
				A5294AD41A6C954800AD51FA /* ClearSans-Light.ttf */,
				A5294AD51A6C954800AD51FA /* ClearSans-Regular.ttf */,
			);
			path = Fonts;
			sourceTree = "<group>";
		};
		A52F0F101A70B5C800206DE7 /* JSSAlertView */ = {
			isa = PBXGroup;
			children = (
				A5294AD61A6C963000AD51FA /* JSSAlertView.swift */,
			);
			path = JSSAlertView;
			sourceTree = "<group>";
		};
		A552A9EC1AAB7120001F69D5 /* Utils */ = {
			isa = PBXGroup;
			children = (
				A5FE76271A86A44200BBE51B /* Extensions */,
			);
			path = Utils;
			sourceTree = "<group>";
		};
		A56874E71AA1BB09006FFD40 /* BFRadialWaveHUD */ = {
			isa = PBXGroup;
			children = (
				A56874FA1AA1BED0006FFD40 /* BFRadialWaveHUD.xib */,
				A56874E81AA1BB12006FFD40 /* BFRadialWaveHUD.h */,
				A56874E91AA1BB12006FFD40 /* BFRadialWaveHUD.m */,
				A56874EB1AA1BB6E006FFD40 /* UIImage+KVNEmpty.h */,
				A56874EC1AA1BB6E006FFD40 /* UIImage+KVNEmpty.m */,
				A56874ED1AA1BB6E006FFD40 /* UIImage+KVNImageEffects.h */,
				A56874EE1AA1BB6E006FFD40 /* UIImage+KVNImageEffects.m */,
				A56874F11AA1BBB4006FFD40 /* BFGradientCALayer.h */,
				A56874F21AA1BBB4006FFD40 /* BFGradientCALayer.m */,
				A56874F31AA1BBB4006FFD40 /* BFRadialWaveView.h */,
				A56874F41AA1BBB4006FFD40 /* BFRadialWaveView.m */,
				A56874F71AA1BBE9006FFD40 /* UIColor+BFPaperColors.h */,
				A56874F81AA1BBE9006FFD40 /* UIColor+BFPaperColors.m */,
			);
			path = BFRadialWaveHUD;
			sourceTree = "<group>";
		};
		A594F8CC1A856A5B00C1B583 /* SignUp */ = {
			isa = PBXGroup;
			children = (
				A594F8CA1A856A2700C1B583 /* SignUpViewController.swift */,
			);
			path = SignUp;
			sourceTree = "<group>";
		};
		A594F8E21A862BF700C1B583 /* Alamofire-SwiftyJSON */ = {
			isa = PBXGroup;
			children = (
				A59B84C81A8702BF0086D2FB /* Alamofire.swift */,
				A594F8E31A862C3700C1B583 /* SwiftyJSON.swift */,
			);
			path = "Alamofire-SwiftyJSON";
			sourceTree = "<group>";
		};
		A59B85EC1A839D6400468096 /* Authentication */ = {
			isa = PBXGroup;
			children = (
				A59B85ED1A839DF100468096 /* AuthenticationViewController.swift */,
			);
			path = Authentication;
			sourceTree = "<group>";
		};
		A59B85F51A83F63800468096 /* Google+ */ = {
			isa = PBXGroup;
			children = (
				A59B85EF1A83F63400468096 /* GoogleOpenSource.framework */,
				A59B85F01A83F63400468096 /* GooglePlus.bundle */,
				A59B85F11A83F63400468096 /* GooglePlus.framework */,
			);
			path = "Google+";
			sourceTree = "<group>";
		};
		A5C1E47B1A81700D006FECB1 /* Walkthrough */ = {
			isa = PBXGroup;
			children = (
				A5951A251A93FA2800E6DB3B /* WalkthroughViewController.swift */,
			);
			path = Walkthrough;
			sourceTree = "<group>";
		};
		A5C914001A8AA529009B74FD /* Profile */ = {
			isa = PBXGroup;
			children = (
				A53174141AB264FC00A5AD80 /* ProfileViewController.swift */,
			);
			name = Profile;
			path = Profil;
			sourceTree = "<group>";
		};
		A5D652EB1AB20C1B005951D7 /* Persei */ = {
			isa = PBXGroup;
			children = (
				A5D652EE1AB20C1B005951D7 /* Source */,
			);
			path = Persei;
			sourceTree = "<group>";
		};
		A5D652EE1AB20C1B005951D7 /* Source */ = {
			isa = PBXGroup;
			children = (
				A5D652EF1AB20C1B005951D7 /* Core */,
				A5D652F21AB20C1B005951D7 /* Extension */,
				A5D652F51AB20C1B005951D7 /* Menu */,
			);
			path = Source;
			sourceTree = "<group>";
		};
		A5D652EF1AB20C1B005951D7 /* Core */ = {
			isa = PBXGroup;
			children = (
				A5D652F01AB20C1B005951D7 /* HeaderShadowView.swift */,
				A5D652F11AB20C1B005951D7 /* StickyHeaderView.swift */,
			);
			path = Core;
			sourceTree = "<group>";
		};
		A5D652F21AB20C1B005951D7 /* Extension */ = {
			isa = PBXGroup;
			children = (
				A5D652F31AB20C1B005951D7 /* UIEdgeInsets+Equatable.swift */,
				A5D652F41AB20C1B005951D7 /* UIScrollView+NormalizedContentOffset.swift */,
			);
			path = Extension;
			sourceTree = "<group>";
		};
		A5D652F51AB20C1B005951D7 /* Menu */ = {
			isa = PBXGroup;
			children = (
				A5D652F61AB20C1B005951D7 /* MenuCell.swift */,
				A5D652F71AB20C1B005951D7 /* MenuItem.swift */,
				A5D652F81AB20C1B005951D7 /* MenuView.swift */,
				A5D652F91AB20C1B005951D7 /* MenuViewDelegate.swift */,
			);
			path = Menu;
			sourceTree = "<group>";
		};
		A5E5EC891A952F19007CF4E8 /* Rooms */ = {
			isa = PBXGroup;
			children = (
				A5E5EC871A952EE8007CF4E8 /* RoomsListViewController.swift */,
				A523B2331A96A19900D38277 /* RoomDetailViewController.swift */,
				A508C08B1AB7052A00FAF9F3 /* AddRoomViewController.swift */,
			);
			path = Rooms;
			sourceTree = "<group>";
		};
		A5E8C9461A98A124003DEF80 /* Splash */ = {
			isa = PBXGroup;
			children = (
				A5E8C9471A98A163003DEF80 /* SplashViewController.swift */,
			);
			path = Splash;
			sourceTree = "<group>";
		};
		A5F336A81A6DD1D800DDF59B /* Frameworks */ = {
			isa = PBXGroup;
			children = (
				A59B86081A83FD6500468096 /* UIKit.framework */,
				A59B86061A83FD6000468096 /* SystemConfiguration.framework */,
				A59B86041A83FD5700468096 /* Security.framework */,
				A59B86021A83FD5100468096 /* CoreText.framework */,
				A59B86001A83FD4A00468096 /* MediaPlayer.framework */,
				A59B85FE1A83FD4300468096 /* CoreGraphics.framework */,
				A59B85FC1A83FD3D00468096 /* CoreMotion.framework */,
				A59B85FA1A83FD3300468096 /* Foundation.framework */,
				A59B85F81A83FD2E00468096 /* AssetsLibrary.framework */,
				A59B85F61A83FD2800468096 /* AddressBook.framework */,
				A570190A1A82BFF000C8F516 /* FacebookSDK.framework */,
				A5F336A61A6DD1CF00DDF59B /* CoreLocation.framework */,
				A59B85F51A83F63800468096 /* Google+ */,
			);
			path = Frameworks;
			sourceTree = "<group>";
		};
		A5FE76271A86A44200BBE51B /* Extensions */ = {
			isa = PBXGroup;
			children = (
				A5CB85981A954D480091B52F /* UIColorExtension.swift */,
				A5FE76281A86A48D00BBE51B /* UIViewExtensions.swift */,
				A502A00C1A86DF2D00376149 /* StringExtension.swift */,
				A5951A231A93F80000E6DB3B /* CLProximityExtension.swift */,
			);
			path = Extensions;
			sourceTree = "<group>";
		};
		A5FF89C71A6A9D0A00564555 /* Managers */ = {
			isa = PBXGroup;
			children = (
				A59B85EA1A82D39500468096 /* NetworkManager.swift */,
				A52F0F0C1A70531600206DE7 /* PersistencyManager.swift */,
				A52F0F0E1A70532C00206DE7 /* LocationManager.swift */,
			);
			path = Managers;
			sourceTree = "<group>";
		};
		A5FF89C81A6A9D1100564555 /* Views */ = {
			isa = PBXGroup;
			children = (
				A5951A281A95202F00E6DB3B /* RoomCell.swift */,
				A523B2351A96A31F00D38277 /* PersonCell.swift */,
			);
			path = Views;
			sourceTree = "<group>";
		};
		A5FF89C91A6A9D1700564555 /* Models */ = {
			isa = PBXGroup;
			children = (
				A5951A2A1A95206F00E6DB3B /* Room.swift */,
				A5F336A41A6DD00A00DDF59B /* Beacon.swift */,
				A523B2371A96A4A400D38277 /* Member.swift */,
				A546A9CC1AB0D98E00B28B4F /* Person.swift */,
			);
			path = Models;
			sourceTree = "<group>";
		};
		A5FF89CA1A6A9D1C00564555 /* ViewControllers */ = {
			isa = PBXGroup;
			children = (
				A5E8C9461A98A124003DEF80 /* Splash */,
				A5E5EC891A952F19007CF4E8 /* Rooms */,
				A5C914001A8AA529009B74FD /* Profile */,
				A594F8CC1A856A5B00C1B583 /* SignUp */,
				A59B85EC1A839D6400468096 /* Authentication */,
				A5C1E47B1A81700D006FECB1 /* Walkthrough */,
			);
			path = ViewControllers;
			sourceTree = "<group>";
		};
		A5FF89CB1A6A9D3E00564555 /* Facade */ = {
			isa = PBXGroup;
			children = (
				A52F0F221A70BD1E00206DE7 /* Facade.swift */,
			);
			path = Facade;
			sourceTree = "<group>";
		};
		A5FF89CC1A6A9D4300564555 /* Librairies */ = {
			isa = PBXGroup;
			children = (
				A5D652EB1AB20C1B005951D7 /* Persei */,
				A56874E71AA1BB09006FFD40 /* BFRadialWaveHUD */,
				A594F8E21A862BF700C1B583 /* Alamofire-SwiftyJSON */,
				A52F0F101A70B5C800206DE7 /* JSSAlertView */,
			);
			path = Librairies;
			sourceTree = "<group>";
		};
		A5FF89CD1A6A9D5500564555 /* Assets */ = {
			isa = PBXGroup;
			children = (
				A594F8DF1A861C8500C1B583 /* Main.storyboard */,
				A5C4F3CE1A98D61800CBD853 /* Images.xcassets */,
				A53C3D741ABCE77500ACCDF5 /* beaconSchool.jpg */,
				A53C3D751ABCE77500ACCDF5 /* beaconSchool@2x.jpg */,
				A53C3D761ABCE77500ACCDF5 /* beaconSchool@3x.jpg */,
				A5282AAD1ABCEEEB0094FAD3 /* mySky.jpg */,
				A5282AAE1ABCEEEB0094FAD3 /* mySky@2x.jpg */,
				A5282AAF1ABCEEEB0094FAD3 /* mySky@3x.jpg */,
				A5294AD21A6C94FF00AD51FA /* Fonts */,
			);
			path = Assets;
			sourceTree = "<group>";
		};
/* End PBXGroup section */

/* Begin PBXNativeTarget section */
		A525DAEE1A6A88600024580A /* StudentProjectInfotel */ = {
			isa = PBXNativeTarget;
			buildConfigurationList = A525DB0E1A6A88600024580A /* Build configuration list for PBXNativeTarget "StudentProjectInfotel" */;
			buildPhases = (
				A525DAEB1A6A88600024580A /* Sources */,
				A525DAEC1A6A88600024580A /* Frameworks */,
				A525DAED1A6A88600024580A /* Resources */,
				A56B05DD1A8ABBAF00BD8383 /* TODO/FIXME Warnings */,
			);
			buildRules = (
			);
			dependencies = (
			);
			name = StudentProjectInfotel;
			productName = StudentProjectInfotel;
			productReference = A525DAEF1A6A88600024580A /* StudentProjectInfotel.app */;
			productType = "com.apple.product-type.application";
		};
		A525DB031A6A88600024580A /* StudentProjectInfotelTests */ = {
			isa = PBXNativeTarget;
			buildConfigurationList = A525DB111A6A88600024580A /* Build configuration list for PBXNativeTarget "StudentProjectInfotelTests" */;
			buildPhases = (
				A525DB001A6A88600024580A /* Sources */,
				A525DB011A6A88600024580A /* Frameworks */,
				A525DB021A6A88600024580A /* Resources */,
			);
			buildRules = (
			);
			dependencies = (
				A525DB061A6A88600024580A /* PBXTargetDependency */,
			);
			name = StudentProjectInfotelTests;
			productName = StudentProjectInfotelTests;
			productReference = A525DB041A6A88600024580A /* StudentProjectInfotelTests.xctest */;
			productType = "com.apple.product-type.bundle.unit-test";
		};
/* End PBXNativeTarget section */

/* Begin PBXProject section */
		A525DAE71A6A88600024580A /* Project object */ = {
			isa = PBXProject;
			attributes = {
				LastUpgradeCheck = 0610;
				ORGANIZATIONNAME = "Rebouh Aymen";
				TargetAttributes = {
					A525DAEE1A6A88600024580A = {
						CreatedOnToolsVersion = 6.1.1;
						DevelopmentTeam = D7C48J3S5N;
					};
					A525DB031A6A88600024580A = {
						CreatedOnToolsVersion = 6.1.1;
						TestTargetID = A525DAEE1A6A88600024580A;
					};
				};
			};
			buildConfigurationList = A525DAEA1A6A88600024580A /* Build configuration list for PBXProject "StudentProjectInfotel" */;
			compatibilityVersion = "Xcode 3.2";
			developmentRegion = English;
			hasScannedForEncodings = 0;
			knownRegions = (
				Base,
				fr,
			);
			mainGroup = A525DAE61A6A88600024580A;
			productRefGroup = A525DAF01A6A88600024580A /* Products */;
			projectDirPath = "";
			projectRoot = "";
			targets = (
				A525DAEE1A6A88600024580A /* StudentProjectInfotel */,
				A525DB031A6A88600024580A /* StudentProjectInfotelTests */,
			);
		};
/* End PBXProject section */

/* Begin PBXResourcesBuildPhase section */
		A525DAED1A6A88600024580A /* Resources */ = {
			isa = PBXResourcesBuildPhase;
			buildActionMask = 2147483647;
			files = (
				A53C3D781ABCE77500ACCDF5 /* beaconSchool@2x.jpg in Resources */,
				A550DD0C1AAB687300F87680 /* Menu.plist in Resources */,
				A5282AB01ABCEEEB0094FAD3 /* mySky.jpg in Resources */,
				A594F8DD1A861C8500C1B583 /* Main.storyboard in Resources */,
				A59017EF1ABB16AF003A3A49 /* Localizable.strings in Resources */,
				A5282AB11ABCEEEB0094FAD3 /* mySky@2x.jpg in Resources */,
				A56874FB1AA1BED0006FFD40 /* BFRadialWaveHUD.xib in Resources */,
				A5C4F3CF1A98D61800CBD853 /* Images.xcassets in Resources */,
				A59B85F31A83F63400468096 /* GooglePlus.bundle in Resources */,
				A53C3D771ABCE77500ACCDF5 /* beaconSchool.jpg in Resources */,
				A5282AB21ABCEEEB0094FAD3 /* mySky@3x.jpg in Resources */,
				A53C3D791ABCE77500ACCDF5 /* beaconSchool@3x.jpg in Resources */,
			);
			runOnlyForDeploymentPostprocessing = 0;
		};
		A525DB021A6A88600024580A /* Resources */ = {
			isa = PBXResourcesBuildPhase;
			buildActionMask = 2147483647;
			files = (
			);
			runOnlyForDeploymentPostprocessing = 0;
		};
/* End PBXResourcesBuildPhase section */

/* Begin PBXShellScriptBuildPhase section */
		A56B05DD1A8ABBAF00BD8383 /* TODO/FIXME Warnings */ = {
			isa = PBXShellScriptBuildPhase;
			buildActionMask = 2147483647;
			files = (
			);
			inputPaths = (
			);
			name = "TODO/FIXME Warnings";
			outputPaths = (
			);
			runOnlyForDeploymentPostprocessing = 0;
			shellPath = /bin/sh;
			shellScript = "TAGS=\"TODO:|FIXME:\"\necho \"searching ${SRCROOT} for ${TAGS}\"\nfind \"${SRCROOT}\" \\( -name \"*.swift\" \\) -print0 | xargs -0 egrep --with-filename --line-number --only-matching \"($TAGS).*\\$\" | perl -p -e \"s/($TAGS)/ warning: \\$1/\"";
		};
/* End PBXShellScriptBuildPhase section */

/* Begin PBXSourcesBuildPhase section */
		A525DAEB1A6A88600024580A /* Sources */ = {
			isa = PBXSourcesBuildPhase;
			buildActionMask = 2147483647;
			files = (
				A5294AD71A6C963000AD51FA /* JSSAlertView.swift in Sources */,
				A5FE76291A86A48D00BBE51B /* UIViewExtensions.swift in Sources */,
				A5D652FB1AB20C1B005951D7 /* HeaderShadowView.swift in Sources */,
				A523B2361A96A31F00D38277 /* PersonCell.swift in Sources */,
				A5E8C9481A98A163003DEF80 /* SplashViewController.swift in Sources */,
				A523B2341A96A19900D38277 /* RoomDetailViewController.swift in Sources */,
				A5D653011AB20C1B005951D7 /* MenuView.swift in Sources */,
				A56874F61AA1BBB4006FFD40 /* BFRadialWaveView.m in Sources */,
				A5D652FC1AB20C1B005951D7 /* StickyHeaderView.swift in Sources */,
				A59B84C91A8702BF0086D2FB /* Alamofire.swift in Sources */,
				A5951A261A93FA2800E6DB3B /* WalkthroughViewController.swift in Sources */,
				A5D653021AB20C1B005951D7 /* MenuViewDelegate.swift in Sources */,
				A56874EA1AA1BB12006FFD40 /* BFRadialWaveHUD.m in Sources */,
				A59B85EB1A82D39500468096 /* NetworkManager.swift in Sources */,
				A525DAF51A6A88600024580A /* AppDelegate.swift in Sources */,
				A56874F51AA1BBB4006FFD40 /* BFGradientCALayer.m in Sources */,
				A508C08C1AB7052A00FAF9F3 /* AddRoomViewController.swift in Sources */,
				A5D652FE1AB20C1B005951D7 /* UIScrollView+NormalizedContentOffset.swift in Sources */,
				A594F8CB1A856A2700C1B583 /* SignUpViewController.swift in Sources */,
				A594F8E41A862C3700C1B583 /* SwiftyJSON.swift in Sources */,
				A52F0F0D1A70531600206DE7 /* PersistencyManager.swift in Sources */,
				A5D652FF1AB20C1B005951D7 /* MenuCell.swift in Sources */,
				A53174151AB264FC00A5AD80 /* ProfileViewController.swift in Sources */,
				A52F0F0F1A70532C00206DE7 /* LocationManager.swift in Sources */,
				A52F0F231A70BD1E00206DE7 /* Facade.swift in Sources */,
				A59B85EE1A839DF100468096 /* AuthenticationViewController.swift in Sources */,
				A5951A241A93F80000E6DB3B /* CLProximityExtension.swift in Sources */,
				A5E5EC881A952EE8007CF4E8 /* RoomsListViewController.swift in Sources */,
				A56874EF1AA1BB6E006FFD40 /* UIImage+KVNEmpty.m in Sources */,
				A5951A291A95202F00E6DB3B /* RoomCell.swift in Sources */,
				A56874F91AA1BBE9006FFD40 /* UIColor+BFPaperColors.m in Sources */,
				A5F336A51A6DD00A00DDF59B /* Beacon.swift in Sources */,
				A5CB85991A954D480091B52F /* UIColorExtension.swift in Sources */,
				A5D652FD1AB20C1B005951D7 /* UIEdgeInsets+Equatable.swift in Sources */,
				A523B2381A96A4A400D38277 /* Member.swift in Sources */,
				A56874F01AA1BB6E006FFD40 /* UIImage+KVNImageEffects.m in Sources */,
				A5951A2B1A95206F00E6DB3B /* Room.swift in Sources */,
				A546A9CD1AB0D98E00B28B4F /* Person.swift in Sources */,
				A502A00D1A86DF2D00376149 /* StringExtension.swift in Sources */,
				A5D653001AB20C1B005951D7 /* MenuItem.swift in Sources */,
			);
			runOnlyForDeploymentPostprocessing = 0;
		};
		A525DB001A6A88600024580A /* Sources */ = {
			isa = PBXSourcesBuildPhase;
			buildActionMask = 2147483647;
			files = (
				A525DB0B1A6A88600024580A /* AuthenticationTests.swift in Sources */,
			);
			runOnlyForDeploymentPostprocessing = 0;
		};
/* End PBXSourcesBuildPhase section */

/* Begin PBXTargetDependency section */
		A525DB061A6A88600024580A /* PBXTargetDependency */ = {
			isa = PBXTargetDependency;
			target = A525DAEE1A6A88600024580A /* StudentProjectInfotel */;
			targetProxy = A525DB051A6A88600024580A /* PBXContainerItemProxy */;
		};
/* End PBXTargetDependency section */

/* Begin PBXVariantGroup section */
		A59017F11ABB16AF003A3A49 /* Localizable.strings */ = {
			isa = PBXVariantGroup;
			children = (
				A59017F01ABB16AF003A3A49 /* fr */,
				A59017F21ABB16B2003A3A49 /* Base */,
			);
			name = Localizable.strings;
			sourceTree = "<group>";
		};
		A594F8DF1A861C8500C1B583 /* Main.storyboard */ = {
			isa = PBXVariantGroup;
			children = (
				A594F8DE1A861C8500C1B583 /* Base */,
				A5796C3A1ABDD4A200C63487 /* fr */,
			);
			name = Main.storyboard;
			path = .;
			sourceTree = "<group>";
		};
/* End PBXVariantGroup section */

/* Begin XCBuildConfiguration section */
		A525DB0C1A6A88600024580A /* Debug */ = {
			isa = XCBuildConfiguration;
			buildSettings = {
				ALWAYS_SEARCH_USER_PATHS = NO;
				CLANG_CXX_LANGUAGE_STANDARD = "gnu++0x";
				CLANG_CXX_LIBRARY = "libc++";
				CLANG_ENABLE_MODULES = YES;
				CLANG_ENABLE_OBJC_ARC = YES;
				CLANG_WARN_BOOL_CONVERSION = YES;
				CLANG_WARN_CONSTANT_CONVERSION = YES;
				CLANG_WARN_DIRECT_OBJC_ISA_USAGE = YES_ERROR;
				CLANG_WARN_EMPTY_BODY = YES;
				CLANG_WARN_ENUM_CONVERSION = YES;
				CLANG_WARN_INT_CONVERSION = YES;
				CLANG_WARN_OBJC_ROOT_CLASS = YES_ERROR;
				CLANG_WARN_UNREACHABLE_CODE = YES;
				CLANG_WARN__DUPLICATE_METHOD_MATCH = YES;
				"CODE_SIGN_IDENTITY[sdk=iphoneos*]" = "iPhone Developer";
				COPY_PHASE_STRIP = NO;
				ENABLE_STRICT_OBJC_MSGSEND = YES;
				GCC_C_LANGUAGE_STANDARD = gnu99;
				GCC_DYNAMIC_NO_PIC = NO;
				GCC_OPTIMIZATION_LEVEL = 0;
				GCC_PREPROCESSOR_DEFINITIONS = (
					"DEBUG=1",
					"$(inherited)",
				);
				GCC_SYMBOLS_PRIVATE_EXTERN = NO;
				GCC_WARN_64_TO_32_BIT_CONVERSION = YES;
				GCC_WARN_ABOUT_RETURN_TYPE = YES_ERROR;
				GCC_WARN_UNDECLARED_SELECTOR = YES;
				GCC_WARN_UNINITIALIZED_AUTOS = YES_AGGRESSIVE;
				GCC_WARN_UNUSED_FUNCTION = YES;
				GCC_WARN_UNUSED_VARIABLE = YES;
				IPHONEOS_DEPLOYMENT_TARGET = 7.0;
				MTL_ENABLE_DEBUG_INFO = YES;
				ONLY_ACTIVE_ARCH = YES;
				OTHER_LDFLAGS = "";
				SDKROOT = iphoneos;
				SWIFT_OPTIMIZATION_LEVEL = "-Onone";
				TARGETED_DEVICE_FAMILY = "1,2";
			};
			name = Debug;
		};
		A525DB0D1A6A88600024580A /* Release */ = {
			isa = XCBuildConfiguration;
			buildSettings = {
				ALWAYS_SEARCH_USER_PATHS = NO;
				CLANG_CXX_LANGUAGE_STANDARD = "gnu++0x";
				CLANG_CXX_LIBRARY = "libc++";
				CLANG_ENABLE_MODULES = YES;
				CLANG_ENABLE_OBJC_ARC = YES;
				CLANG_WARN_BOOL_CONVERSION = YES;
				CLANG_WARN_CONSTANT_CONVERSION = YES;
				CLANG_WARN_DIRECT_OBJC_ISA_USAGE = YES_ERROR;
				CLANG_WARN_EMPTY_BODY = YES;
				CLANG_WARN_ENUM_CONVERSION = YES;
				CLANG_WARN_INT_CONVERSION = YES;
				CLANG_WARN_OBJC_ROOT_CLASS = YES_ERROR;
				CLANG_WARN_UNREACHABLE_CODE = YES;
				CLANG_WARN__DUPLICATE_METHOD_MATCH = YES;
				"CODE_SIGN_IDENTITY[sdk=iphoneos*]" = "iPhone Developer";
				COPY_PHASE_STRIP = YES;
				ENABLE_NS_ASSERTIONS = NO;
				ENABLE_STRICT_OBJC_MSGSEND = YES;
				GCC_C_LANGUAGE_STANDARD = gnu99;
				GCC_WARN_64_TO_32_BIT_CONVERSION = YES;
				GCC_WARN_ABOUT_RETURN_TYPE = YES_ERROR;
				GCC_WARN_UNDECLARED_SELECTOR = YES;
				GCC_WARN_UNINITIALIZED_AUTOS = YES_AGGRESSIVE;
				GCC_WARN_UNUSED_FUNCTION = YES;
				GCC_WARN_UNUSED_VARIABLE = YES;
				IPHONEOS_DEPLOYMENT_TARGET = 7.0;
				MTL_ENABLE_DEBUG_INFO = NO;
				OTHER_LDFLAGS = "";
				SDKROOT = iphoneos;
				TARGETED_DEVICE_FAMILY = "1,2";
				VALIDATE_PRODUCT = YES;
			};
			name = Release;
		};
		A525DB0F1A6A88600024580A /* Debug */ = {
			isa = XCBuildConfiguration;
			buildSettings = {
				ASSETCATALOG_COMPILER_APPICON_NAME = AppIcon;
				ASSETCATALOG_COMPILER_LAUNCHIMAGE_NAME = "LaunchImage-2";
				CLANG_ENABLE_MODULES = YES;
				CODE_SIGN_IDENTITY = "iPhone Developer: Rebouh Aymen (XDGP34APB9)";
				"CODE_SIGN_IDENTITY[sdk=iphoneos*]" = "iPhone Developer: Rebouh Aymen (XDGP34APB9)";
				FRAMEWORK_SEARCH_PATHS = (
					"$(inherited)",
					/Users/rebouhaymen/Documents/FacebookSDK,
					"/Users/rebouhaymen/Downloads/google-plus-ios-sdk-1.7.1",
				);
				GCC_TREAT_IMPLICIT_FUNCTION_DECLARATIONS_AS_ERRORS = YES;
				GCC_TREAT_INCOMPATIBLE_POINTER_TYPE_WARNINGS_AS_ERRORS = YES;
				GCC_TREAT_WARNINGS_AS_ERRORS = YES;
				INFOPLIST_FILE = "StudentProjectInfotel/Supporting Files/Info.plist";
				LD_RUNPATH_SEARCH_PATHS = "$(inherited) @executable_path/Frameworks";
				OTHER_LDFLAGS = (
					"-Wall",
					"-Wextra",
					"-ObjC",
					"-Wpedantic",
					"-Weverything",
					"-Wnewline-eof",
					"-Wempty-body",
					"-Wshadow",
				);
				PRODUCT_NAME = "$(TARGET_NAME)";
				PROVISIONING_PROFILE = "";
				RUN_CLANG_STATIC_ANALYZER = YES;
				SWIFT_OBJC_BRIDGING_HEADER = "StudentProjectInfotel/Supporting Files/StudentProjectInfotel-Bridging-Header.h";
				SWIFT_OPTIMIZATION_LEVEL = "-Onone";
				TARGETED_DEVICE_FAMILY = 1;
			};
			name = Debug;
		};
		A525DB101A6A88600024580A /* Release */ = {
			isa = XCBuildConfiguration;
			buildSettings = {
				ASSETCATALOG_COMPILER_APPICON_NAME = AppIcon;
				ASSETCATALOG_COMPILER_LAUNCHIMAGE_NAME = "LaunchImage-2";
				CLANG_ENABLE_MODULES = YES;
				CODE_SIGN_IDENTITY = "iPhone Developer: Rebouh Aymen (XDGP34APB9)";
				"CODE_SIGN_IDENTITY[sdk=iphoneos*]" = "iPhone Developer: Rebouh Aymen (XDGP34APB9)";
				FRAMEWORK_SEARCH_PATHS = (
					"$(inherited)",
					/Users/rebouhaymen/Documents/FacebookSDK,
					"/Users/rebouhaymen/Downloads/google-plus-ios-sdk-1.7.1",
				);
				GCC_TREAT_IMPLICIT_FUNCTION_DECLARATIONS_AS_ERRORS = YES;
				GCC_TREAT_INCOMPATIBLE_POINTER_TYPE_WARNINGS_AS_ERRORS = YES;
				GCC_TREAT_WARNINGS_AS_ERRORS = YES;
				INFOPLIST_FILE = "StudentProjectInfotel/Supporting Files/Info.plist";
				LD_RUNPATH_SEARCH_PATHS = "$(inherited) @executable_path/Frameworks";
				OTHER_LDFLAGS = (
					"-Wall",
					"-Wextra",
					"-ObjC",
					"-Wpedantic",
					"-Weverything",
					"-Wnewline-eof",
					"-Wempty-body",
					"-Wshadow",
				);
				PRODUCT_NAME = "$(TARGET_NAME)";
				PROVISIONING_PROFILE = "";
				RUN_CLANG_STATIC_ANALYZER = YES;
				SWIFT_OBJC_BRIDGING_HEADER = "StudentProjectInfotel/Supporting Files/StudentProjectInfotel-Bridging-Header.h";
				TARGETED_DEVICE_FAMILY = 1;
			};
			name = Release;
		};
		A525DB121A6A88600024580A /* Debug */ = {
			isa = XCBuildConfiguration;
			buildSettings = {
				BUNDLE_LOADER = "$(TEST_HOST)";
				FRAMEWORK_SEARCH_PATHS = (
					"$(SDKROOT)/Developer/Library/Frameworks",
					"$(inherited)",
					/Users/rebouhaymen/Documents/FacebookSDK,
					"/Users/rebouhaymen/Downloads/google-plus-ios-sdk-1.7.1",
				);
				GCC_PREPROCESSOR_DEFINITIONS = (
					"DEBUG=1",
					"$(inherited)",
				);
				INFOPLIST_FILE = "StudentProjectInfotelTests/Supporting Files/Info.plist";
				LD_RUNPATH_SEARCH_PATHS = "$(inherited) @executable_path/Frameworks @loader_path/Frameworks";
				PRODUCT_NAME = "$(TARGET_NAME)";
				TEST_HOST = "$(BUILT_PRODUCTS_DIR)/StudentProjectInfotel.app/StudentProjectInfotel";
			};
			name = Debug;
		};
		A525DB131A6A88600024580A /* Release */ = {
			isa = XCBuildConfiguration;
			buildSettings = {
				BUNDLE_LOADER = "$(TEST_HOST)";
				FRAMEWORK_SEARCH_PATHS = (
					"$(SDKROOT)/Developer/Library/Frameworks",
					"$(inherited)",
					/Users/rebouhaymen/Documents/FacebookSDK,
					"/Users/rebouhaymen/Downloads/google-plus-ios-sdk-1.7.1",
				);
				INFOPLIST_FILE = "StudentProjectInfotelTests/Supporting Files/Info.plist";
				LD_RUNPATH_SEARCH_PATHS = "$(inherited) @executable_path/Frameworks @loader_path/Frameworks";
				PRODUCT_NAME = "$(TARGET_NAME)";
				TEST_HOST = "$(BUILT_PRODUCTS_DIR)/StudentProjectInfotel.app/StudentProjectInfotel";
			};
			name = Release;
		};
/* End XCBuildConfiguration section */

/* Begin XCConfigurationList section */
		A525DAEA1A6A88600024580A /* Build configuration list for PBXProject "StudentProjectInfotel" */ = {
			isa = XCConfigurationList;
			buildConfigurations = (
				A525DB0C1A6A88600024580A /* Debug */,
				A525DB0D1A6A88600024580A /* Release */,
			);
			defaultConfigurationIsVisible = 0;
			defaultConfigurationName = Release;
		};
		A525DB0E1A6A88600024580A /* Build configuration list for PBXNativeTarget "StudentProjectInfotel" */ = {
			isa = XCConfigurationList;
			buildConfigurations = (
				A525DB0F1A6A88600024580A /* Debug */,
				A525DB101A6A88600024580A /* Release */,
			);
			defaultConfigurationIsVisible = 0;
			defaultConfigurationName = Release;
		};
		A525DB111A6A88600024580A /* Build configuration list for PBXNativeTarget "StudentProjectInfotelTests" */ = {
			isa = XCConfigurationList;
			buildConfigurations = (
				A525DB121A6A88600024580A /* Debug */,
				A525DB131A6A88600024580A /* Release */,
			);
			defaultConfigurationIsVisible = 0;
			defaultConfigurationName = Release;
		};
/* End XCConfigurationList section */
	};
	rootObject = A525DAE71A6A88600024580A /* Project object */;
}
