// !$*UTF8*$!
{
	archiveVersion = 1;
	classes = {
	};
	objectVersion = 46;
	objects = {

/* Begin PBXBuildFile section */
		A525DAF51A6A88600024580A /* AppDelegate.swift in Sources */ = {isa = PBXBuildFile; fileRef = A525DAF41A6A88600024580A /* AppDelegate.swift */; };
		A525DAF71A6A88600024580A /* ViewController.swift in Sources */ = {isa = PBXBuildFile; fileRef = A525DAF61A6A88600024580A /* ViewController.swift */; };
		A525DAFA1A6A88600024580A /* Main.storyboard in Resources */ = {isa = PBXBuildFile; fileRef = A525DAF81A6A88600024580A /* Main.storyboard */; };
		A525DAFC1A6A88600024580A /* Images.xcassets in Resources */ = {isa = PBXBuildFile; fileRef = A525DAFB1A6A88600024580A /* Images.xcassets */; };
		A525DAFF1A6A88600024580A /* LaunchScreen.xib in Resources */ = {isa = PBXBuildFile; fileRef = A525DAFD1A6A88600024580A /* LaunchScreen.xib */; };
		A525DB0B1A6A88600024580A /* StudentProjectInfotelTests.swift in Sources */ = {isa = PBXBuildFile; fileRef = A525DB0A1A6A88600024580A /* StudentProjectInfotelTests.swift */; };
/* End PBXBuildFile section */

/* Begin PBXContainerItemProxy section */
		A525DB051A6A88600024580A /* PBXContainerItemProxy */ = {
			isa = PBXContainerItemProxy;
			containerPortal = A525DAE71A6A88600024580A /* Project object */;
			proxyType = 1;
			remoteGlobalIDString = A525DAEE1A6A88600024580A;
			remoteInfo = StudentProjectInfotel;
		};
/* End PBXContainerItemProxy section */

/* Begin PBXFileReference section */
		A525DAEF1A6A88600024580A /* StudentProjectInfotel.app */ = {isa = PBXFileReference; explicitFileType = wrapper.application; includeInIndex = 0; path = StudentProjectInfotel.app; sourceTree = BUILT_PRODUCTS_DIR; };
		A525DAF31A6A88600024580A /* Info.plist */ = {isa = PBXFileReference; lastKnownFileType = text.plist.xml; path = Info.plist; sourceTree = "<group>"; };
		A525DAF41A6A88600024580A /* AppDelegate.swift */ = {isa = PBXFileReference; lastKnownFileType = sourcecode.swift; path = AppDelegate.swift; sourceTree = "<group>"; };
		A525DAF61A6A88600024580A /* ViewController.swift */ = {isa = PBXFileReference; lastKnownFileType = sourcecode.swift; path = ViewController.swift; sourceTree = "<group>"; };
		A525DAF91A6A88600024580A /* Base */ = {isa = PBXFileReference; lastKnownFileType = file.storyboard; name = Base; path = Base.lproj/Main.storyboard; sourceTree = "<group>"; };
		A525DAFB1A6A88600024580A /* Images.xcassets */ = {isa = PBXFileReference; lastKnownFileType = folder.assetcatalog; path = Images.xcassets; sourceTree = "<group>"; };
		A525DAFE1A6A88600024580A /* Base */ = {isa = PBXFileReference; lastKnownFileType = file.xib; name = Base; path = Base.lproj/LaunchScreen.xib; sourceTree = "<group>"; };
		A525DB041A6A88600024580A /* StudentProjectInfotelTests.xctest */ = {isa = PBXFileReference; explicitFileType = wrapper.cfbundle; includeInIndex = 0; path = StudentProjectInfotelTests.xctest; sourceTree = BUILT_PRODUCTS_DIR; };
		A525DB091A6A88600024580A /* Info.plist */ = {isa = PBXFileReference; lastKnownFileType = text.plist.xml; path = Info.plist; sourceTree = "<group>"; };
		A525DB0A1A6A88600024580A /* StudentProjectInfotelTests.swift */ = {isa = PBXFileReference; lastKnownFileType = sourcecode.swift; path = StudentProjectInfotelTests.swift; sourceTree = "<group>"; };
/* End PBXFileReference section */

/* Begin PBXFrameworksBuildPhase section */
		A525DAEC1A6A88600024580A /* Frameworks */ = {
			isa = PBXFrameworksBuildPhase;
			buildActionMask = 2147483647;
			files = (
			);
			runOnlyForDeploymentPostprocessing = 0;
		};
		A525DB011A6A88600024580A /* Frameworks */ = {
			isa = PBXFrameworksBuildPhase;
			buildActionMask = 2147483647;
			files = (
			);
			runOnlyForDeploymentPostprocessing = 0;
		};
/* End PBXFrameworksBuildPhase section */

/* Begin PBXGroup section */
		A525DAE61A6A88600024580A = {
			isa = PBXGroup;
			children = (
				A525DAF11A6A88600024580A /* StudentProjectInfotel */,
				A525DB071A6A88600024580A /* StudentProjectInfotelTests */,
				A525DAF01A6A88600024580A /* Products */,
			);
			sourceTree = "<group>";
		};
		A525DAF01A6A88600024580A /* Products */ = {
			isa = PBXGroup;
			children = (
				A525DAEF1A6A88600024580A /* StudentProjectInfotel.app */,
				A525DB041A6A88600024580A /* StudentProjectInfotelTests.xctest */,
			);
			name = Products;
			sourceTree = "<group>";
		};
		A525DAF11A6A88600024580A /* StudentProjectInfotel */ = {
			isa = PBXGroup;
			children = (
				A525DAF41A6A88600024580A /* AppDelegate.swift */,
				A525DAF61A6A88600024580A /* ViewController.swift */,
				A525DAF81A6A88600024580A /* Main.storyboard */,
				A525DAFB1A6A88600024580A /* Images.xcassets */,
				A525DAFD1A6A88600024580A /* LaunchScreen.xib */,
				A525DAF21A6A88600024580A /* Supporting Files */,
			);
			path = StudentProjectInfotel;
			sourceTree = "<group>";
		};
		A525DAF21A6A88600024580A /* Supporting Files */ = {
			isa = PBXGroup;
			children = (
				A525DAF31A6A88600024580A /* Info.plist */,
			);
			name = "Supporting Files";
			sourceTree = "<group>";
		};
		A525DB071A6A88600024580A /* StudentProjectInfotelTests */ = {
			isa = PBXGroup;
			children = (
				A525DB0A1A6A88600024580A /* StudentProjectInfotelTests.swift */,
				A525DB081A6A88600024580A /* Supporting Files */,
			);
			path = StudentProjectInfotelTests;
			sourceTree = "<group>";
		};
		A525DB081A6A88600024580A /* Supporting Files */ = {
			isa = PBXGroup;
			children = (
				A525DB091A6A88600024580A /* Info.plist */,
			);
			name = "Supporting Files";
			sourceTree = "<group>";
		};
/* End PBXGroup section */

/* Begin PBXNativeTarget section */
		A525DAEE1A6A88600024580A /* StudentProjectInfotel */ = {
			isa = PBXNativeTarget;
			buildConfigurationList = A525DB0E1A6A88600024580A /* Build configuration list for PBXNativeTarget "StudentProjectInfotel" */;
			buildPhases = (
				A525DAEB1A6A88600024580A /* Sources */,
				A525DAEC1A6A88600024580A /* Frameworks */,
				A525DAED1A6A88600024580A /* Resources */,
			);
			buildRules = (
			);
			dependencies = (
			);
			name = StudentProjectInfotel;
			productName = StudentProjectInfotel;
			productReference = A525DAEF1A6A88600024580A /* StudentProjectInfotel.app */;
			productType = "com.apple.product-type.application";
		};
		A525DB031A6A88600024580A /* StudentProjectInfotelTests */ = {
			isa = PBXNativeTarget;
			buildConfigurationList = A525DB111A6A88600024580A /* Build configuration list for PBXNativeTarget "StudentProjectInfotelTests" */;
			buildPhases = (
				A525DB001A6A88600024580A /* Sources */,
				A525DB011A6A88600024580A /* Frameworks */,
				A525DB021A6A88600024580A /* Resources */,
			);
			buildRules = (
			);
			dependencies = (
				A525DB061A6A88600024580A /* PBXTargetDependency */,
			);
			name = StudentProjectInfotelTests;
			productName = StudentProjectInfotelTests;
			productReference = A525DB041A6A88600024580A /* StudentProjectInfotelTests.xctest */;
			productType = "com.apple.product-type.bundle.unit-test";
		};
/* End PBXNativeTarget section */

/* Begin PBXProject section */
		A525DAE71A6A88600024580A /* Project object */ = {
			isa = PBXProject;
			attributes = {
				LastUpgradeCheck = 0610;
				ORGANIZATIONNAME = "Rebouh Aymen";
				TargetAttributes = {
					A525DAEE1A6A88600024580A = {
						CreatedOnToolsVersion = 6.1.1;
					};
					A525DB031A6A88600024580A = {
						CreatedOnToolsVersion = 6.1.1;
						TestTargetID = A525DAEE1A6A88600024580A;
					};
				};
			};
			buildConfigurationList = A525DAEA1A6A88600024580A /* Build configuration list for PBXProject "StudentProjectInfotel" */;
			compatibilityVersion = "Xcode 3.2";
			developmentRegion = English;
			hasScannedForEncodings = 0;
			knownRegions = (
				en,
				Base,
			);
			mainGroup = A525DAE61A6A88600024580A;
			productRefGroup = A525DAF01A6A88600024580A /* Products */;
			projectDirPath = "";
			projectRoot = "";
			targets = (
				A525DAEE1A6A88600024580A /* StudentProjectInfotel */,
				A525DB031A6A88600024580A /* StudentProjectInfotelTests */,
			);
		};
/* End PBXProject section */

/* Begin PBXResourcesBuildPhase section */
		A525DAED1A6A88600024580A /* Resources */ = {
			isa = PBXResourcesBuildPhase;
			buildActionMask = 2147483647;
			files = (
				A525DAFA1A6A88600024580A /* Main.storyboard in Resources */,
				A525DAFF1A6A88600024580A /* LaunchScreen.xib in Resources */,
				A525DAFC1A6A88600024580A /* Images.xcassets in Resources */,
			);
			runOnlyForDeploymentPostprocessing = 0;
		};
		A525DB021A6A88600024580A /* Resources */ = {
			isa = PBXResourcesBuildPhase;
			buildActionMask = 2147483647;
			files = (
			);
			runOnlyForDeploymentPostprocessing = 0;
		};
/* End PBXResourcesBuildPhase section */

/* Begin PBXSourcesBuildPhase section */
		A525DAEB1A6A88600024580A /* Sources */ = {
			isa = PBXSourcesBuildPhase;
			buildActionMask = 2147483647;
			files = (
				A525DAF71A6A88600024580A /* ViewController.swift in Sources */,
				A525DAF51A6A88600024580A /* AppDelegate.swift in Sources */,
			);
			runOnlyForDeploymentPostprocessing = 0;
		};
		A525DB001A6A88600024580A /* Sources */ = {
			isa = PBXSourcesBuildPhase;
			buildActionMask = 2147483647;
			files = (
				A525DB0B1A6A88600024580A /* StudentProjectInfotelTests.swift in Sources */,
			);
			runOnlyForDeploymentPostprocessing = 0;
		};
/* End PBXSourcesBuildPhase section */

/* Begin PBXTargetDependency section */
		A525DB061A6A88600024580A /* PBXTargetDependency */ = {
			isa = PBXTargetDependency;
			target = A525DAEE1A6A88600024580A /* StudentProjectInfotel */;
			targetProxy = A525DB051A6A88600024580A /* PBXContainerItemProxy */;
		};
/* End PBXTargetDependency section */

/* Begin PBXVariantGroup section */
		A525DAF81A6A88600024580A /* Main.storyboard */ = {
			isa = PBXVariantGroup;
			children = (
				A525DAF91A6A88600024580A /* Base */,
			);
			name = Main.storyboard;
			sourceTree = "<group>";
		};
		A525DAFD1A6A88600024580A /* LaunchScreen.xib */ = {
			isa = PBXVariantGroup;
			children = (
				A525DAFE1A6A88600024580A /* Base */,
			);
			name = LaunchScreen.xib;
			sourceTree = "<group>";
		};
/* End PBXVariantGroup section */

/* Begin XCBuildConfiguration section */
		A525DB0C1A6A88600024580A /* Debug */ = {
			isa = XCBuildConfiguration;
			buildSettings = {
				ALWAYS_SEARCH_USER_PATHS = NO;
				CLANG_CXX_LANGUAGE_STANDARD = "gnu++0x";
				CLANG_CXX_LIBRARY = "libc++";
				CLANG_ENABLE_MODULES = YES;
				CLANG_ENABLE_OBJC_ARC = YES;
				CLANG_WARN_BOOL_CONVERSION = YES;
				CLANG_WARN_CONSTANT_CONVERSION = YES;
				CLANG_WARN_DIRECT_OBJC_ISA_USAGE = YES_ERROR;
				CLANG_WARN_EMPTY_BODY = YES;
				CLANG_WARN_ENUM_CONVERSION = YES;
				CLANG_WARN_INT_CONVERSION = YES;
				CLANG_WARN_OBJC_ROOT_CLASS = YES_ERROR;
				CLANG_WARN_UNREACHABLE_CODE = YES;
				CLANG_WARN__DUPLICATE_METHOD_MATCH = YES;
				"CODE_SIGN_IDENTITY[sdk=iphoneos*]" = "iPhone Developer";
				COPY_PHASE_STRIP = NO;
				ENABLE_STRICT_OBJC_MSGSEND = YES;
				GCC_C_LANGUAGE_STANDARD = gnu99;
				GCC_DYNAMIC_NO_PIC = NO;
				GCC_OPTIMIZATION_LEVEL = 0;
				GCC_PREPROCESSOR_DEFINITIONS = (
					"DEBUG=1",
					"$(inherited)",
				);
				GCC_SYMBOLS_PRIVATE_EXTERN = NO;
				GCC_WARN_64_TO_32_BIT_CONVERSION = YES;
				GCC_WARN_ABOUT_RETURN_TYPE = YES_ERROR;
				GCC_WARN_UNDECLARED_SELECTOR = YES;
				GCC_WARN_UNINITIALIZED_AUTOS = YES_AGGRESSIVE;
				GCC_WARN_UNUSED_FUNCTION = YES;
				GCC_WARN_UNUSED_VARIABLE = YES;
				IPHONEOS_DEPLOYMENT_TARGET = 8.1;
				MTL_ENABLE_DEBUG_INFO = YES;
				ONLY_ACTIVE_ARCH = YES;
				SDKROOT = iphoneos;
				SWIFT_OPTIMIZATION_LEVEL = "-Onone";
				TARGETED_DEVICE_FAMILY = "1,2";
			};
			name = Debug;
		};
		A525DB0D1A6A88600024580A /* Release */ = {
			isa = XCBuildConfiguration;
			buildSettings = {
				ALWAYS_SEARCH_USER_PATHS = NO;
				CLANG_CXX_LANGUAGE_STANDARD = "gnu++0x";
				CLANG_CXX_LIBRARY = "libc++";
				CLANG_ENABLE_MODULES = YES;
				CLANG_ENABLE_OBJC_ARC = YES;
				CLANG_WARN_BOOL_CONVERSION = YES;
				CLANG_WARN_CONSTANT_CONVERSION = YES;
				CLANG_WARN_DIRECT_OBJC_ISA_USAGE = YES_ERROR;
				CLANG_WARN_EMPTY_BODY = YES;
				CLANG_WARN_ENUM_CONVERSION = YES;
				CLANG_WARN_INT_CONVERSION = YES;
				CLANG_WARN_OBJC_ROOT_CLASS = YES_ERROR;
				CLANG_WARN_UNREACHABLE_CODE = YES;
				CLANG_WARN__DUPLICATE_METHOD_MATCH = YES;
				"CODE_SIGN_IDENTITY[sdk=iphoneos*]" = "iPhone Developer";
				COPY_PHASE_STRIP = YES;
				ENABLE_NS_ASSERTIONS = NO;
				ENABLE_STRICT_OBJC_MSGSEND = YES;
				GCC_C_LANGUAGE_STANDARD = gnu99;
				GCC_WARN_64_TO_32_BIT_CONVERSION = YES;
				GCC_WARN_ABOUT_RETURN_TYPE = YES_ERROR;
				GCC_WARN_UNDECLARED_SELECTOR = YES;
				GCC_WARN_UNINITIALIZED_AUTOS = YES_AGGRESSIVE;
				GCC_WARN_UNUSED_FUNCTION = YES;
				GCC_WARN_UNUSED_VARIABLE = YES;
				IPHONEOS_DEPLOYMENT_TARGET = 8.1;
				MTL_ENABLE_DEBUG_INFO = NO;
				SDKROOT = iphoneos;
				TARGETED_DEVICE_FAMILY = "1,2";
				VALIDATE_PRODUCT = YES;
			};
			name = Release;
		};
		A525DB0F1A6A88600024580A /* Debug */ = {
			isa = XCBuildConfiguration;
			buildSettings = {
				ASSETCATALOG_COMPILER_APPICON_NAME = AppIcon;
				INFOPLIST_FILE = StudentProjectInfotel/Info.plist;
				LD_RUNPATH_SEARCH_PATHS = "$(inherited) @executable_path/Frameworks";
				PRODUCT_NAME = "$(TARGET_NAME)";
			};
			name = Debug;
		};
		A525DB101A6A88600024580A /* Release */ = {
			isa = XCBuildConfiguration;
			buildSettings = {
				ASSETCATALOG_COMPILER_APPICON_NAME = AppIcon;
				INFOPLIST_FILE = StudentProjectInfotel/Info.plist;
				LD_RUNPATH_SEARCH_PATHS = "$(inherited) @executable_path/Frameworks";
				PRODUCT_NAME = "$(TARGET_NAME)";
			};
			name = Release;
		};
		A525DB121A6A88600024580A /* Debug */ = {
			isa = XCBuildConfiguration;
			buildSettings = {
				BUNDLE_LOADER = "$(TEST_HOST)";
				FRAMEWORK_SEARCH_PATHS = (
					"$(SDKROOT)/Developer/Library/Frameworks",
					"$(inherited)",
				);
				GCC_PREPROCESSOR_DEFINITIONS = (
					"DEBUG=1",
					"$(inherited)",
				);
				INFOPLIST_FILE = StudentProjectInfotelTests/Info.plist;
				LD_RUNPATH_SEARCH_PATHS = "$(inherited) @executable_path/Frameworks @loader_path/Frameworks";
				PRODUCT_NAME = "$(TARGET_NAME)";
				TEST_HOST = "$(BUILT_PRODUCTS_DIR)/StudentProjectInfotel.app/StudentProjectInfotel";
			};
			name = Debug;
		};
		A525DB131A6A88600024580A /* Release */ = {
			isa = XCBuildConfiguration;
			buildSettings = {
				BUNDLE_LOADER = "$(TEST_HOST)";
				FRAMEWORK_SEARCH_PATHS = (
					"$(SDKROOT)/Developer/Library/Frameworks",
					"$(inherited)",
				);
				INFOPLIST_FILE = StudentProjectInfotelTests/Info.plist;
				LD_RUNPATH_SEARCH_PATHS = "$(inherited) @executable_path/Frameworks @loader_path/Frameworks";
				PRODUCT_NAME = "$(TARGET_NAME)";
				TEST_HOST = "$(BUILT_PRODUCTS_DIR)/StudentProjectInfotel.app/StudentProjectInfotel";
			};
			name = Release;
		};
/* End XCBuildConfiguration section */

/* Begin XCConfigurationList section */
		A525DAEA1A6A88600024580A /* Build configuration list for PBXProject "StudentProjectInfotel" */ = {
			isa = XCConfigurationList;
			buildConfigurations = (
				A525DB0C1A6A88600024580A /* Debug */,
				A525DB0D1A6A88600024580A /* Release */,
			);
			defaultConfigurationIsVisible = 0;
			defaultConfigurationName = Release;
		};
		A525DB0E1A6A88600024580A /* Build configuration list for PBXNativeTarget "StudentProjectInfotel" */ = {
			isa = XCConfigurationList;
			buildConfigurations = (
				A525DB0F1A6A88600024580A /* Debug */,
				A525DB101A6A88600024580A /* Release */,
			);
			defaultConfigurationIsVisible = 0;
		};
		A525DB111A6A88600024580A /* Build configuration list for PBXNativeTarget "StudentProjectInfotelTests" */ = {
			isa = XCConfigurationList;
			buildConfigurations = (
				A525DB121A6A88600024580A /* Debug */,
				A525DB131A6A88600024580A /* Release */,
			);
			defaultConfigurationIsVisible = 0;
		};
/* End XCConfigurationList section */
	};
	rootObject = A525DAE71A6A88600024580A /* Project object */;
}
