<?xml version="1.0" encoding="UTF-8"?>
<!DOCTYPE plist PUBLIC "-//Apple//DTD PLIST 1.0//EN" "http://www.apple.com/DTDs/PropertyList-1.0.dtd">
<plist version="1.0">
<dict>
	<key>archiveVersion</key>
	<string>1</string>
	<key>classes</key>
	<dict/>
	<key>objectVersion</key>
	<string>46</string>
	<key>objects</key>
	<dict>
		<key>A502A00C1A86DF2D00376149</key>
		<dict>
			<key>fileEncoding</key>
			<string>4</string>
			<key>isa</key>
			<string>PBXFileReference</string>
			<key>lastKnownFileType</key>
			<string>sourcecode.swift</string>
			<key>name</key>
			<string>StringExtension.swift</string>
			<key>path</key>
			<string>StringExtension.swift</string>
			<key>sourceTree</key>
			<string>&lt;group&gt;</string>
		</dict>
		<key>A502A00D1A86DF2D00376149</key>
		<dict>
			<key>fileRef</key>
			<string>A502A00C1A86DF2D00376149</string>
			<key>isa</key>
			<string>PBXBuildFile</string>
		</dict>
		<key>A512DCA01A8774D000BA361E</key>
		<dict>
			<key>fileRef</key>
			<string>A570190A1A82BFF000C8F516</string>
			<key>isa</key>
			<string>PBXBuildFile</string>
		</dict>
		<key>A512DCA11A8774DB00BA361E</key>
		<dict>
			<key>fileRef</key>
			<string>A59B85F11A83F63400468096</string>
			<key>isa</key>
			<string>PBXBuildFile</string>
		</dict>
		<key>A523B2191A96755C00D38277</key>
		<dict>
			<key>children</key>
			<array>
				<string>A523B21A1A96755C00D38277</string>
				<string>A523B21B1A96755C00D38277</string>
				<string>A523B21C1A96755C00D38277</string>
			</array>
			<key>isa</key>
			<string>PBXGroup</string>
			<key>path</key>
			<string>YALSunnyRefreshControll</string>
			<key>sourceTree</key>
			<string>&lt;group&gt;</string>
		</dict>
		<key>A523B21A1A96755C00D38277</key>
		<dict>
			<key>fileEncoding</key>
			<string>4</string>
			<key>isa</key>
			<string>PBXFileReference</string>
			<key>lastKnownFileType</key>
			<string>sourcecode.c.h</string>
			<key>path</key>
			<string>YALSunnyRefreshControl.h</string>
			<key>sourceTree</key>
			<string>&lt;group&gt;</string>
		</dict>
		<key>A523B21B1A96755C00D38277</key>
		<dict>
			<key>fileEncoding</key>
			<string>4</string>
			<key>isa</key>
			<string>PBXFileReference</string>
			<key>lastKnownFileType</key>
			<string>sourcecode.c.objc</string>
			<key>path</key>
			<string>YALSunnyRefreshControl.m</string>
			<key>sourceTree</key>
			<string>&lt;group&gt;</string>
		</dict>
		<key>A523B21C1A96755C00D38277</key>
		<dict>
			<key>fileEncoding</key>
			<string>4</string>
			<key>isa</key>
			<string>PBXFileReference</string>
			<key>lastKnownFileType</key>
			<string>file.xib</string>
			<key>path</key>
			<string>YALSunnyRefreshControl.xib</string>
			<key>sourceTree</key>
			<string>&lt;group&gt;</string>
		</dict>
		<key>A523B21D1A96755C00D38277</key>
		<dict>
			<key>fileRef</key>
			<string>A523B21B1A96755C00D38277</string>
			<key>isa</key>
			<string>PBXBuildFile</string>
		</dict>
		<key>A523B21E1A96755C00D38277</key>
		<dict>
			<key>fileRef</key>
			<string>A523B21C1A96755C00D38277</string>
			<key>isa</key>
			<string>PBXBuildFile</string>
		</dict>
		<key>A523B21F1A968A7C00D38277</key>
		<dict>
			<key>children</key>
			<array>
				<string>A523B2201A968A7C00D38277</string>
				<string>A523B2211A968A7C00D38277</string>
				<string>A523B2221A968A7C00D38277</string>
				<string>A523B2231A968A7C00D38277</string>
				<string>A523B2241A968A7C00D38277</string>
				<string>A523B2251A968A7C00D38277</string>
			</array>
			<key>isa</key>
			<string>PBXGroup</string>
			<key>path</key>
			<string>SideMenu</string>
			<key>sourceTree</key>
			<string>&lt;group&gt;</string>
		</dict>
		<key>A523B2201A968A7C00D38277</key>
		<dict>
			<key>fileEncoding</key>
			<string>4</string>
			<key>isa</key>
			<string>PBXFileReference</string>
			<key>lastKnownFileType</key>
			<string>text.plist.xml</string>
			<key>path</key>
			<string>Info.plist</string>
			<key>sourceTree</key>
			<string>&lt;group&gt;</string>
		</dict>
		<key>A523B2211A968A7C00D38277</key>
		<dict>
			<key>fileEncoding</key>
			<string>4</string>
			<key>isa</key>
			<string>PBXFileReference</string>
			<key>lastKnownFileType</key>
			<string>sourcecode.swift</string>
			<key>path</key>
			<string>Menu.swift</string>
			<key>sourceTree</key>
			<string>&lt;group&gt;</string>
		</dict>
		<key>A523B2221A968A7C00D38277</key>
		<dict>
			<key>fileEncoding</key>
			<string>4</string>
			<key>isa</key>
			<string>PBXFileReference</string>
			<key>lastKnownFileType</key>
			<string>sourcecode.swift</string>
			<key>path</key>
			<string>MenuItemsAnimator.swift</string>
			<key>sourceTree</key>
			<string>&lt;group&gt;</string>
		</dict>
		<key>A523B2231A968A7C00D38277</key>
		<dict>
			<key>fileEncoding</key>
			<string>4</string>
			<key>isa</key>
			<string>PBXFileReference</string>
			<key>lastKnownFileType</key>
			<string>sourcecode.swift</string>
			<key>path</key>
			<string>MenuSegue.swift</string>
			<key>sourceTree</key>
			<string>&lt;group&gt;</string>
		</dict>
		<key>A523B2241A968A7C00D38277</key>
		<dict>
			<key>fileEncoding</key>
			<string>4</string>
			<key>isa</key>
			<string>PBXFileReference</string>
			<key>lastKnownFileType</key>
			<string>sourcecode.swift</string>
			<key>path</key>
			<string>MenuTransitionAnimator.swift</string>
			<key>sourceTree</key>
			<string>&lt;group&gt;</string>
		</dict>
		<key>A523B2251A968A7C00D38277</key>
		<dict>
			<key>fileEncoding</key>
			<string>4</string>
			<key>isa</key>
			<string>PBXFileReference</string>
			<key>lastKnownFileType</key>
			<string>sourcecode.c.h</string>
			<key>path</key>
			<string>SideMenu.h</string>
			<key>sourceTree</key>
			<string>&lt;group&gt;</string>
		</dict>
		<key>A523B2261A968A7C00D38277</key>
		<dict>
			<key>fileRef</key>
			<string>A523B2201A968A7C00D38277</string>
			<key>isa</key>
			<string>PBXBuildFile</string>
		</dict>
		<key>A523B2271A968A7C00D38277</key>
		<dict>
			<key>fileRef</key>
			<string>A523B2211A968A7C00D38277</string>
			<key>isa</key>
			<string>PBXBuildFile</string>
		</dict>
		<key>A523B2281A968A7C00D38277</key>
		<dict>
			<key>fileRef</key>
			<string>A523B2221A968A7C00D38277</string>
			<key>isa</key>
			<string>PBXBuildFile</string>
		</dict>
		<key>A523B2291A968A7C00D38277</key>
		<dict>
			<key>fileRef</key>
			<string>A523B2231A968A7C00D38277</string>
			<key>isa</key>
			<string>PBXBuildFile</string>
		</dict>
		<key>A523B22A1A968A7C00D38277</key>
		<dict>
			<key>fileRef</key>
			<string>A523B2241A968A7C00D38277</string>
			<key>isa</key>
			<string>PBXBuildFile</string>
		</dict>
		<key>A523B22D1A969D6500D38277</key>
		<dict>
			<key>isa</key>
			<string>PBXFileReference</string>
			<key>lastKnownFileType</key>
			<string>image.jpeg</string>
			<key>path</key>
			<string>blur.jpg</string>
			<key>sourceTree</key>
			<string>&lt;group&gt;</string>
		</dict>
		<key>A523B22E1A969D6500D38277</key>
		<dict>
			<key>fileRef</key>
			<string>A523B22D1A969D6500D38277</string>
			<key>isa</key>
			<string>PBXBuildFile</string>
		</dict>
		<key>A523B22F1A969F7B00D38277</key>
		<dict>
			<key>isa</key>
			<string>PBXFileReference</string>
			<key>lastKnownFileType</key>
			<string>image.jpeg</string>
			<key>path</key>
			<string>blur2.jpg</string>
			<key>sourceTree</key>
			<string>&lt;group&gt;</string>
		</dict>
		<key>A523B2301A969F7B00D38277</key>
		<dict>
			<key>fileRef</key>
			<string>A523B22F1A969F7B00D38277</string>
			<key>isa</key>
			<string>PBXBuildFile</string>
		</dict>
		<key>A523B2311A96A11B00D38277</key>
		<dict>
			<key>isa</key>
			<string>PBXFileReference</string>
			<key>lastKnownFileType</key>
			<string>image.jpeg</string>
			<key>path</key>
			<string>picture.jpg</string>
			<key>sourceTree</key>
			<string>&lt;group&gt;</string>
		</dict>
		<key>A523B2321A96A11B00D38277</key>
		<dict>
			<key>fileRef</key>
			<string>A523B2311A96A11B00D38277</string>
			<key>isa</key>
			<string>PBXBuildFile</string>
		</dict>
		<key>A523B2331A96A19900D38277</key>
		<dict>
			<key>fileEncoding</key>
			<string>4</string>
			<key>isa</key>
			<string>PBXFileReference</string>
			<key>lastKnownFileType</key>
			<string>sourcecode.swift</string>
			<key>name</key>
			<string>DetailRoomViewController.swift</string>
			<key>path</key>
			<string>DetailRoomViewController.swift</string>
			<key>sourceTree</key>
			<string>&lt;group&gt;</string>
		</dict>
		<key>A523B2341A96A19900D38277</key>
		<dict>
			<key>fileRef</key>
			<string>A523B2331A96A19900D38277</string>
			<key>isa</key>
			<string>PBXBuildFile</string>
		</dict>
		<key>A523B2351A96A31F00D38277</key>
		<dict>
			<key>fileEncoding</key>
			<string>4</string>
			<key>isa</key>
			<string>PBXFileReference</string>
			<key>lastKnownFileType</key>
			<string>sourcecode.swift</string>
			<key>name</key>
			<string>StudentCell.swift</string>
			<key>path</key>
			<string>StudentCell.swift</string>
			<key>sourceTree</key>
			<string>&lt;group&gt;</string>
		</dict>
		<key>A523B2361A96A31F00D38277</key>
		<dict>
			<key>fileRef</key>
			<string>A523B2351A96A31F00D38277</string>
			<key>isa</key>
			<string>PBXBuildFile</string>
		</dict>
		<key>A523B2371A96A4A400D38277</key>
		<dict>
			<key>fileEncoding</key>
			<string>4</string>
			<key>isa</key>
			<string>PBXFileReference</string>
			<key>lastKnownFileType</key>
			<string>sourcecode.swift</string>
			<key>name</key>
			<string>Member.swift</string>
			<key>path</key>
			<string>Member.swift</string>
			<key>sourceTree</key>
			<string>&lt;group&gt;</string>
		</dict>
		<key>A523B2381A96A4A400D38277</key>
		<dict>
			<key>fileRef</key>
			<string>A523B2371A96A4A400D38277</string>
			<key>isa</key>
			<string>PBXBuildFile</string>
		</dict>
		<key>A524FB971A991F8E0040C725</key>
		<dict>
			<key>isa</key>
			<string>PBXFileReference</string>
			<key>lastKnownFileType</key>
			<string>image.jpeg</string>
			<key>path</key>
			<string>library.jpg</string>
			<key>sourceTree</key>
			<string>&lt;group&gt;</string>
		</dict>
		<key>A524FB981A991F8E0040C725</key>
		<dict>
			<key>isa</key>
			<string>PBXFileReference</string>
			<key>lastKnownFileType</key>
			<string>image.jpeg</string>
			<key>path</key>
			<string>library2.jpg</string>
			<key>sourceTree</key>
			<string>&lt;group&gt;</string>
		</dict>
		<key>A524FB991A991F8E0040C725</key>
		<dict>
			<key>isa</key>
			<string>PBXFileReference</string>
			<key>lastKnownFileType</key>
			<string>image.jpeg</string>
			<key>path</key>
			<string>library3.jpg</string>
			<key>sourceTree</key>
			<string>&lt;group&gt;</string>
		</dict>
		<key>A524FB9A1A991F8E0040C725</key>
		<dict>
			<key>fileRef</key>
			<string>A524FB971A991F8E0040C725</string>
			<key>isa</key>
			<string>PBXBuildFile</string>
		</dict>
		<key>A524FB9B1A991F8E0040C725</key>
		<dict>
			<key>fileRef</key>
			<string>A524FB981A991F8E0040C725</string>
			<key>isa</key>
			<string>PBXBuildFile</string>
		</dict>
		<key>A524FB9C1A991F8E0040C725</key>
		<dict>
			<key>fileRef</key>
			<string>A524FB991A991F8E0040C725</string>
			<key>isa</key>
			<string>PBXBuildFile</string>
		</dict>
		<key>A525DAE61A6A88600024580A</key>
		<dict>
			<key>children</key>
			<array>
				<string>A525DAF11A6A88600024580A</string>
				<string>A525DB071A6A88600024580A</string>
				<string>A525DAF01A6A88600024580A</string>
			</array>
			<key>isa</key>
			<string>PBXGroup</string>
			<key>sourceTree</key>
			<string>&lt;group&gt;</string>
		</dict>
		<key>A525DAE71A6A88600024580A</key>
		<dict>
			<key>attributes</key>
			<dict>
				<key>LastUpgradeCheck</key>
				<string>0610</string>
				<key>ORGANIZATIONNAME</key>
				<string>Rebouh Aymen</string>
				<key>TargetAttributes</key>
				<dict>
					<key>A525DAEE1A6A88600024580A</key>
					<dict>
						<key>CreatedOnToolsVersion</key>
						<string>6.1.1</string>
						<key>DevelopmentTeam</key>
						<string>D7C48J3S5N</string>
					</dict>
					<key>A525DB031A6A88600024580A</key>
					<dict>
						<key>CreatedOnToolsVersion</key>
						<string>6.1.1</string>
						<key>TestTargetID</key>
						<string>A525DAEE1A6A88600024580A</string>
					</dict>
				</dict>
			</dict>
			<key>buildConfigurationList</key>
			<string>A525DAEA1A6A88600024580A</string>
			<key>compatibilityVersion</key>
			<string>Xcode 3.2</string>
			<key>developmentRegion</key>
			<string>English</string>
			<key>hasScannedForEncodings</key>
			<string>0</string>
			<key>isa</key>
			<string>PBXProject</string>
			<key>knownRegions</key>
			<array>
				<string>Base</string>
			</array>
			<key>mainGroup</key>
			<string>A525DAE61A6A88600024580A</string>
			<key>productRefGroup</key>
			<string>A525DAF01A6A88600024580A</string>
			<key>projectDirPath</key>
			<string></string>
			<key>projectReferences</key>
			<array/>
			<key>projectRoot</key>
			<string></string>
			<key>targets</key>
			<array>
				<string>A525DAEE1A6A88600024580A</string>
				<string>A525DB031A6A88600024580A</string>
			</array>
		</dict>
		<key>A525DAEA1A6A88600024580A</key>
		<dict>
			<key>buildConfigurations</key>
			<array>
				<string>A525DB0C1A6A88600024580A</string>
				<string>A525DB0D1A6A88600024580A</string>
			</array>
			<key>defaultConfigurationIsVisible</key>
			<string>0</string>
			<key>defaultConfigurationName</key>
			<string>Release</string>
			<key>isa</key>
			<string>XCConfigurationList</string>
		</dict>
		<key>A525DAEB1A6A88600024580A</key>
		<dict>
			<key>buildActionMask</key>
			<string>2147483647</string>
			<key>files</key>
			<array>
				<string>A5294AD71A6C963000AD51FA</string>
				<string>A5FE76291A86A48D00BBE51B</string>
				<string>A52F0F271A70BEE400206DE7</string>
				<string>A523B2361A96A31F00D38277</string>
				<string>A5E8C9481A98A163003DEF80</string>
				<string>A523B2341A96A19900D38277</string>
				<string>A59B84C91A8702BF0086D2FB</string>
				<string>A523B2281A968A7C00D38277</string>
				<string>A5951A261A93FA2800E6DB3B</string>
				<string>A59B85EB1A82D39500468096</string>
				<string>A52F0F261A70BEE400206DE7</string>
				<string>A525DAF51A6A88600024580A</string>
				<string>A523B2291A968A7C00D38277</string>
				<string>A594F8CB1A856A2700C1B583</string>
				<string>A594F8C01A84185500C1B583</string>
				<string>A594F8E41A862C3700C1B583</string>
				<string>A52F0F0D1A70531600206DE7</string>
				<string>A52F0F1D1A70BC7A00206DE7</string>
				<string>A52F0F1E1A70BC7A00206DE7</string>
				<string>A52F0F0F1A70532C00206DE7</string>
				<string>A52F0F1F1A70BC7A00206DE7</string>
				<string>A523B22A1A968A7C00D38277</string>
				<string>A52F0F231A70BD1E00206DE7</string>
				<string>A59B85EE1A839DF100468096</string>
				<string>A5951A241A93F80000E6DB3B</string>
				<string>A5E5EC881A952EE8007CF4E8</string>
				<string>A523B21D1A96755C00D38277</string>
				<string>A5951A291A95202F00E6DB3B</string>
				<string>A5F336A51A6DD00A00DDF59B</string>
				<string>A5CB85991A954D480091B52F</string>
				<string>A5C914021A8AA5B9009B74FD</string>
				<string>A523B2381A96A4A400D38277</string>
				<string>A5951A2B1A95206F00E6DB3B</string>
				<string>A52F0F211A70BC7A00206DE7</string>
				<string>A502A00D1A86DF2D00376149</string>
				<string>A523B2271A968A7C00D38277</string>
				<string>A52F0F201A70BC7A00206DE7</string>
			</array>
			<key>isa</key>
			<string>PBXSourcesBuildPhase</string>
			<key>runOnlyForDeploymentPostprocessing</key>
			<string>0</string>
		</dict>
		<key>A525DAEC1A6A88600024580A</key>
		<dict>
			<key>buildActionMask</key>
			<string>2147483647</string>
			<key>files</key>
			<array>
				<string>A59B86091A83FD6500468096</string>
				<string>A59B86071A83FD6000468096</string>
				<string>A59B86051A83FD5700468096</string>
				<string>A59B86031A83FD5100468096</string>
				<string>A59B86011A83FD4A00468096</string>
				<string>A59B85FF1A83FD4300468096</string>
				<string>A59B85FD1A83FD3D00468096</string>
				<string>A59B85FB1A83FD3300468096</string>
				<string>A59B85F91A83FD2E00468096</string>
				<string>A59B85F71A83FD2800468096</string>
				<string>A5F336A71A6DD1CF00DDF59B</string>
				<string>A59B85F41A83F63400468096</string>
				<string>A59B85F21A83F63400468096</string>
				<string>A570190B1A82BFF000C8F516</string>
			</array>
			<key>isa</key>
			<string>PBXFrameworksBuildPhase</string>
			<key>runOnlyForDeploymentPostprocessing</key>
			<string>0</string>
		</dict>
		<key>A525DAED1A6A88600024580A</key>
		<dict>
			<key>buildActionMask</key>
			<string>2147483647</string>
			<key>files</key>
			<array>
				<string>A5E8C9541A98AC33003DEF80</string>
				<string>A5C1E47A1A816815006FECB1</string>
				<string>A524FB9C1A991F8E0040C725</string>
				<string>A524FB9B1A991F8E0040C725</string>
				<string>A523B2301A969F7B00D38277</string>
				<string>A523B2321A96A11B00D38277</string>
				<string>A594F8DD1A861C8500C1B583</string>
				<string>A523B2261A968A7C00D38277</string>
				<string>A594F8D11A8574F800C1B583</string>
				<string>A594F8C51A84246E00C1B583</string>
				<string>A594F8CE1A85745F00C1B583</string>
				<string>A5C4F3CF1A98D61800CBD853</string>
				<string>A524FB9A1A991F8E0040C725</string>
				<string>A523B22E1A969D6500D38277</string>
				<string>A59B85F31A83F63400468096</string>
				<string>A523B21E1A96755C00D38277</string>
				<string>A5E8C9521A98AAA2003DEF80</string>
			</array>
			<key>isa</key>
			<string>PBXResourcesBuildPhase</string>
			<key>runOnlyForDeploymentPostprocessing</key>
			<string>0</string>
		</dict>
		<key>A525DAEE1A6A88600024580A</key>
		<dict>
			<key>buildConfigurationList</key>
			<string>A525DB0E1A6A88600024580A</string>
			<key>buildPhases</key>
			<array>
				<string>A525DAEB1A6A88600024580A</string>
				<string>A525DAEC1A6A88600024580A</string>
				<string>A525DAED1A6A88600024580A</string>
				<string>A56B05DD1A8ABBAF00BD8383</string>
			</array>
			<key>buildRules</key>
			<array/>
			<key>dependencies</key>
			<array/>
			<key>isa</key>
			<string>PBXNativeTarget</string>
			<key>name</key>
			<string>StudentProjectInfotel</string>
			<key>productName</key>
			<string>StudentProjectInfotel</string>
			<key>productReference</key>
			<string>A525DAEF1A6A88600024580A</string>
			<key>productType</key>
			<string>com.apple.product-type.application</string>
		</dict>
		<key>A525DAEF1A6A88600024580A</key>
		<dict>
			<key>explicitFileType</key>
			<string>wrapper.application</string>
			<key>includeInIndex</key>
			<string>0</string>
			<key>isa</key>
			<string>PBXFileReference</string>
			<key>path</key>
			<string>StudentProjectInfotel.app</string>
			<key>sourceTree</key>
			<string>BUILT_PRODUCTS_DIR</string>
		</dict>
		<key>A525DAF01A6A88600024580A</key>
		<dict>
			<key>children</key>
			<array>
				<string>A525DAEF1A6A88600024580A</string>
				<string>A525DB041A6A88600024580A</string>
			</array>
			<key>isa</key>
			<string>PBXGroup</string>
			<key>name</key>
			<string>Products</string>
			<key>sourceTree</key>
			<string>&lt;group&gt;</string>
		</dict>
		<key>A525DAF11A6A88600024580A</key>
		<dict>
			<key>children</key>
			<array>
				<string>A570190D1A82C30200C8F516</string>
				<string>A525DAF41A6A88600024580A</string>
				<string>A5FF89CB1A6A9D3E00564555</string>
				<string>A5FF89CA1A6A9D1C00564555</string>
				<string>A5FF89C91A6A9D1700564555</string>
				<string>A5FF89C81A6A9D1100564555</string>
				<string>A5FF89C71A6A9D0A00564555</string>
				<string>A5FF89CD1A6A9D5500564555</string>
				<string>A5FE76271A86A44200BBE51B</string>
				<string>A5FF89CC1A6A9D4300564555</string>
				<string>A5F336A81A6DD1D800DDF59B</string>
				<string>A525DAF21A6A88600024580A</string>
			</array>
			<key>isa</key>
			<string>PBXGroup</string>
			<key>path</key>
			<string>StudentProjectInfotel</string>
			<key>sourceTree</key>
			<string>&lt;group&gt;</string>
		</dict>
		<key>A525DAF21A6A88600024580A</key>
		<dict>
			<key>children</key>
			<array>
				<string>A525DAF31A6A88600024580A</string>
			</array>
			<key>isa</key>
			<string>PBXGroup</string>
			<key>name</key>
			<string>Supporting Files</string>
			<key>path</key>
			<string>Supporting Files</string>
			<key>sourceTree</key>
			<string>&lt;group&gt;</string>
		</dict>
		<key>A525DAF31A6A88600024580A</key>
		<dict>
			<key>isa</key>
			<string>PBXFileReference</string>
			<key>lastKnownFileType</key>
			<string>text.plist.xml</string>
			<key>path</key>
			<string>Info.plist</string>
			<key>sourceTree</key>
			<string>&lt;group&gt;</string>
		</dict>
		<key>A525DAF41A6A88600024580A</key>
		<dict>
			<key>isa</key>
			<string>PBXFileReference</string>
			<key>lastKnownFileType</key>
			<string>sourcecode.swift</string>
			<key>path</key>
			<string>AppDelegate.swift</string>
			<key>sourceTree</key>
			<string>&lt;group&gt;</string>
		</dict>
		<key>A525DAF51A6A88600024580A</key>
		<dict>
			<key>fileRef</key>
			<string>A525DAF41A6A88600024580A</string>
			<key>isa</key>
			<string>PBXBuildFile</string>
		</dict>
		<key>A525DB001A6A88600024580A</key>
		<dict>
			<key>buildActionMask</key>
			<string>2147483647</string>
			<key>files</key>
			<array>
				<string>A525DB0B1A6A88600024580A</string>
			</array>
			<key>isa</key>
			<string>PBXSourcesBuildPhase</string>
			<key>runOnlyForDeploymentPostprocessing</key>
			<string>0</string>
		</dict>
		<key>A525DB011A6A88600024580A</key>
		<dict>
			<key>buildActionMask</key>
			<string>2147483647</string>
			<key>files</key>
			<array>
				<string>A512DCA01A8774D000BA361E</string>
				<string>A512DCA11A8774DB00BA361E</string>
			</array>
			<key>isa</key>
			<string>PBXFrameworksBuildPhase</string>
			<key>runOnlyForDeploymentPostprocessing</key>
			<string>0</string>
		</dict>
		<key>A525DB021A6A88600024580A</key>
		<dict>
			<key>buildActionMask</key>
			<string>2147483647</string>
			<key>files</key>
			<array/>
			<key>isa</key>
			<string>PBXResourcesBuildPhase</string>
			<key>runOnlyForDeploymentPostprocessing</key>
			<string>0</string>
		</dict>
		<key>A525DB031A6A88600024580A</key>
		<dict>
			<key>buildConfigurationList</key>
			<string>A525DB111A6A88600024580A</string>
			<key>buildPhases</key>
			<array>
				<string>A525DB001A6A88600024580A</string>
				<string>A525DB011A6A88600024580A</string>
				<string>A525DB021A6A88600024580A</string>
			</array>
			<key>buildRules</key>
			<array/>
			<key>dependencies</key>
			<array>
				<string>A525DB061A6A88600024580A</string>
			</array>
			<key>isa</key>
			<string>PBXNativeTarget</string>
			<key>name</key>
			<string>StudentProjectInfotelTests</string>
			<key>productName</key>
			<string>StudentProjectInfotelTests</string>
			<key>productReference</key>
			<string>A525DB041A6A88600024580A</string>
			<key>productType</key>
			<string>com.apple.product-type.bundle.unit-test</string>
		</dict>
		<key>A525DB041A6A88600024580A</key>
		<dict>
			<key>explicitFileType</key>
			<string>wrapper.cfbundle</string>
			<key>includeInIndex</key>
			<string>0</string>
			<key>isa</key>
			<string>PBXFileReference</string>
			<key>path</key>
			<string>StudentProjectInfotelTests.xctest</string>
			<key>sourceTree</key>
			<string>BUILT_PRODUCTS_DIR</string>
		</dict>
		<key>A525DB051A6A88600024580A</key>
		<dict>
			<key>containerPortal</key>
			<string>A525DAE71A6A88600024580A</string>
			<key>isa</key>
			<string>PBXContainerItemProxy</string>
			<key>proxyType</key>
			<string>1</string>
			<key>remoteGlobalIDString</key>
			<string>A525DAEE1A6A88600024580A</string>
			<key>remoteInfo</key>
			<string>StudentProjectInfotel</string>
		</dict>
		<key>A525DB061A6A88600024580A</key>
		<dict>
			<key>isa</key>
			<string>PBXTargetDependency</string>
			<key>target</key>
			<string>A525DAEE1A6A88600024580A</string>
			<key>targetProxy</key>
			<string>A525DB051A6A88600024580A</string>
		</dict>
		<key>A525DB071A6A88600024580A</key>
		<dict>
			<key>children</key>
			<array>
				<string>A525DB0A1A6A88600024580A</string>
				<string>A525DB081A6A88600024580A</string>
			</array>
			<key>isa</key>
			<string>PBXGroup</string>
			<key>path</key>
			<string>StudentProjectInfotelTests</string>
			<key>sourceTree</key>
			<string>&lt;group&gt;</string>
		</dict>
		<key>A525DB081A6A88600024580A</key>
		<dict>
			<key>children</key>
			<array>
				<string>A525DB091A6A88600024580A</string>
			</array>
			<key>isa</key>
			<string>PBXGroup</string>
			<key>name</key>
			<string>Supporting Files</string>
			<key>path</key>
			<string>Supporting Files</string>
			<key>sourceTree</key>
			<string>&lt;group&gt;</string>
		</dict>
		<key>A525DB091A6A88600024580A</key>
		<dict>
			<key>isa</key>
			<string>PBXFileReference</string>
			<key>lastKnownFileType</key>
			<string>text.plist.xml</string>
			<key>path</key>
			<string>Info.plist</string>
			<key>sourceTree</key>
			<string>&lt;group&gt;</string>
		</dict>
		<key>A525DB0A1A6A88600024580A</key>
		<dict>
			<key>isa</key>
			<string>PBXFileReference</string>
			<key>lastKnownFileType</key>
			<string>sourcecode.swift</string>
			<key>path</key>
			<string>AuthenticationTests.swift</string>
			<key>sourceTree</key>
			<string>&lt;group&gt;</string>
		</dict>
		<key>A525DB0B1A6A88600024580A</key>
		<dict>
			<key>fileRef</key>
			<string>A525DB0A1A6A88600024580A</string>
			<key>isa</key>
			<string>PBXBuildFile</string>
		</dict>
		<key>A525DB0C1A6A88600024580A</key>
		<dict>
			<key>buildSettings</key>
			<dict>
				<key>ALWAYS_SEARCH_USER_PATHS</key>
				<string>NO</string>
				<key>CLANG_CXX_LANGUAGE_STANDARD</key>
				<string>gnu++0x</string>
				<key>CLANG_CXX_LIBRARY</key>
				<string>libc++</string>
				<key>CLANG_ENABLE_MODULES</key>
				<string>YES</string>
				<key>CLANG_ENABLE_OBJC_ARC</key>
				<string>YES</string>
				<key>CLANG_WARN_BOOL_CONVERSION</key>
				<string>YES</string>
				<key>CLANG_WARN_CONSTANT_CONVERSION</key>
				<string>YES</string>
				<key>CLANG_WARN_DIRECT_OBJC_ISA_USAGE</key>
				<string>YES_ERROR</string>
				<key>CLANG_WARN_EMPTY_BODY</key>
				<string>YES</string>
				<key>CLANG_WARN_ENUM_CONVERSION</key>
				<string>YES</string>
				<key>CLANG_WARN_INT_CONVERSION</key>
				<string>YES</string>
				<key>CLANG_WARN_OBJC_ROOT_CLASS</key>
				<string>YES_ERROR</string>
				<key>CLANG_WARN_UNREACHABLE_CODE</key>
				<string>YES</string>
				<key>CLANG_WARN__DUPLICATE_METHOD_MATCH</key>
				<string>YES</string>
				<key>CODE_SIGN_IDENTITY[sdk=iphoneos*]</key>
				<string>iPhone Developer</string>
				<key>COPY_PHASE_STRIP</key>
				<string>NO</string>
				<key>ENABLE_STRICT_OBJC_MSGSEND</key>
				<string>YES</string>
				<key>GCC_C_LANGUAGE_STANDARD</key>
				<string>gnu99</string>
				<key>GCC_DYNAMIC_NO_PIC</key>
				<string>NO</string>
				<key>GCC_OPTIMIZATION_LEVEL</key>
				<string>0</string>
				<key>GCC_PREPROCESSOR_DEFINITIONS</key>
				<array>
					<string>DEBUG=1</string>
					<string>$(inherited)</string>
				</array>
				<key>GCC_SYMBOLS_PRIVATE_EXTERN</key>
				<string>NO</string>
				<key>GCC_WARN_64_TO_32_BIT_CONVERSION</key>
				<string>YES</string>
				<key>GCC_WARN_ABOUT_RETURN_TYPE</key>
				<string>YES_ERROR</string>
				<key>GCC_WARN_UNDECLARED_SELECTOR</key>
				<string>YES</string>
				<key>GCC_WARN_UNINITIALIZED_AUTOS</key>
				<string>YES_AGGRESSIVE</string>
				<key>GCC_WARN_UNUSED_FUNCTION</key>
				<string>YES</string>
				<key>GCC_WARN_UNUSED_VARIABLE</key>
				<string>YES</string>
				<key>IPHONEOS_DEPLOYMENT_TARGET</key>
				<string>7.0</string>
				<key>MTL_ENABLE_DEBUG_INFO</key>
				<string>YES</string>
				<key>ONLY_ACTIVE_ARCH</key>
				<string>YES</string>
				<key>OTHER_LDFLAGS</key>
				<string></string>
				<key>SDKROOT</key>
				<string>iphoneos</string>
				<key>SWIFT_OPTIMIZATION_LEVEL</key>
				<string>-Onone</string>
				<key>TARGETED_DEVICE_FAMILY</key>
				<string>1,2</string>
			</dict>
			<key>isa</key>
			<string>XCBuildConfiguration</string>
			<key>name</key>
			<string>Debug</string>
		</dict>
		<key>A525DB0D1A6A88600024580A</key>
		<dict>
			<key>buildSettings</key>
			<dict>
				<key>ALWAYS_SEARCH_USER_PATHS</key>
				<string>NO</string>
				<key>CLANG_CXX_LANGUAGE_STANDARD</key>
				<string>gnu++0x</string>
				<key>CLANG_CXX_LIBRARY</key>
				<string>libc++</string>
				<key>CLANG_ENABLE_MODULES</key>
				<string>YES</string>
				<key>CLANG_ENABLE_OBJC_ARC</key>
				<string>YES</string>
				<key>CLANG_WARN_BOOL_CONVERSION</key>
				<string>YES</string>
				<key>CLANG_WARN_CONSTANT_CONVERSION</key>
				<string>YES</string>
				<key>CLANG_WARN_DIRECT_OBJC_ISA_USAGE</key>
				<string>YES_ERROR</string>
				<key>CLANG_WARN_EMPTY_BODY</key>
				<string>YES</string>
				<key>CLANG_WARN_ENUM_CONVERSION</key>
				<string>YES</string>
				<key>CLANG_WARN_INT_CONVERSION</key>
				<string>YES</string>
				<key>CLANG_WARN_OBJC_ROOT_CLASS</key>
				<string>YES_ERROR</string>
				<key>CLANG_WARN_UNREACHABLE_CODE</key>
				<string>YES</string>
				<key>CLANG_WARN__DUPLICATE_METHOD_MATCH</key>
				<string>YES</string>
				<key>CODE_SIGN_IDENTITY[sdk=iphoneos*]</key>
				<string>iPhone Developer</string>
				<key>COPY_PHASE_STRIP</key>
				<string>YES</string>
				<key>ENABLE_NS_ASSERTIONS</key>
				<string>NO</string>
				<key>ENABLE_STRICT_OBJC_MSGSEND</key>
				<string>YES</string>
				<key>GCC_C_LANGUAGE_STANDARD</key>
				<string>gnu99</string>
				<key>GCC_WARN_64_TO_32_BIT_CONVERSION</key>
				<string>YES</string>
				<key>GCC_WARN_ABOUT_RETURN_TYPE</key>
				<string>YES_ERROR</string>
				<key>GCC_WARN_UNDECLARED_SELECTOR</key>
				<string>YES</string>
				<key>GCC_WARN_UNINITIALIZED_AUTOS</key>
				<string>YES_AGGRESSIVE</string>
				<key>GCC_WARN_UNUSED_FUNCTION</key>
				<string>YES</string>
				<key>GCC_WARN_UNUSED_VARIABLE</key>
				<string>YES</string>
				<key>IPHONEOS_DEPLOYMENT_TARGET</key>
				<string>7.0</string>
				<key>MTL_ENABLE_DEBUG_INFO</key>
				<string>NO</string>
				<key>OTHER_LDFLAGS</key>
				<string></string>
				<key>SDKROOT</key>
				<string>iphoneos</string>
				<key>TARGETED_DEVICE_FAMILY</key>
				<string>1,2</string>
				<key>VALIDATE_PRODUCT</key>
				<string>YES</string>
			</dict>
			<key>isa</key>
			<string>XCBuildConfiguration</string>
			<key>name</key>
			<string>Release</string>
		</dict>
		<key>A525DB0E1A6A88600024580A</key>
		<dict>
			<key>buildConfigurations</key>
			<array>
				<string>A525DB0F1A6A88600024580A</string>
				<string>A525DB101A6A88600024580A</string>
			</array>
			<key>defaultConfigurationIsVisible</key>
			<string>0</string>
			<key>defaultConfigurationName</key>
			<string>Release</string>
			<key>isa</key>
			<string>XCConfigurationList</string>
		</dict>
		<key>A525DB0F1A6A88600024580A</key>
		<dict>
			<key>buildSettings</key>
			<dict>
				<key>ASSETCATALOG_COMPILER_APPICON_NAME</key>
				<string>AppIcon</string>
				<key>ASSETCATALOG_COMPILER_LAUNCHIMAGE_NAME</key>
				<string>LaunchImage-2</string>
				<key>CLANG_ENABLE_MODULES</key>
				<string>YES</string>
				<key>CODE_SIGN_IDENTITY</key>
				<string>iPhone Developer</string>
				<key>FRAMEWORK_SEARCH_PATHS</key>
				<array>
					<string>$(inherited)</string>
					<string>/Users/rebouhaymen/Documents/FacebookSDK</string>
					<string>/Users/rebouhaymen/Downloads/google-plus-ios-sdk-1.7.1</string>
				</array>
				<key>GCC_TREAT_IMPLICIT_FUNCTION_DECLARATIONS_AS_ERRORS</key>
				<string>YES</string>
				<key>GCC_TREAT_INCOMPATIBLE_POINTER_TYPE_WARNINGS_AS_ERRORS</key>
				<string>YES</string>
				<key>GCC_TREAT_WARNINGS_AS_ERRORS</key>
				<string>YES</string>
				<key>INFOPLIST_FILE</key>
				<string>StudentProjectInfotel/Supporting Files/Info.plist</string>
				<key>LD_RUNPATH_SEARCH_PATHS</key>
				<string>$(inherited) @executable_path/Frameworks</string>
				<key>OTHER_LDFLAGS</key>
				<array>
					<string>-Wall</string>
					<string>-Wextra</string>
					<string>-ObjC</string>
					<string>-Wpedantic</string>
					<string>-Weverything</string>
					<string>-Wnewline-eof</string>
					<string>-Wempty-body</string>
					<string>-Wshadow</string>
				</array>
				<key>PRODUCT_NAME</key>
				<string>$(TARGET_NAME)</string>
				<key>RUN_CLANG_STATIC_ANALYZER</key>
				<string>YES</string>
				<key>SWIFT_OBJC_BRIDGING_HEADER</key>
				<string>StudentProjectInfotel/StudentProjectInfotel-Bridging-Header.h</string>
				<key>SWIFT_OPTIMIZATION_LEVEL</key>
				<string>-Onone</string>
			</dict>
			<key>isa</key>
			<string>XCBuildConfiguration</string>
			<key>name</key>
			<string>Debug</string>
		</dict>
		<key>A525DB101A6A88600024580A</key>
		<dict>
			<key>buildSettings</key>
			<dict>
				<key>ASSETCATALOG_COMPILER_APPICON_NAME</key>
				<string>AppIcon</string>
				<key>ASSETCATALOG_COMPILER_LAUNCHIMAGE_NAME</key>
				<string>LaunchImage-2</string>
				<key>CLANG_ENABLE_MODULES</key>
				<string>YES</string>
				<key>CODE_SIGN_IDENTITY</key>
				<string>iPhone Developer</string>
				<key>FRAMEWORK_SEARCH_PATHS</key>
				<array>
					<string>$(inherited)</string>
					<string>/Users/rebouhaymen/Documents/FacebookSDK</string>
					<string>/Users/rebouhaymen/Downloads/google-plus-ios-sdk-1.7.1</string>
				</array>
				<key>GCC_TREAT_IMPLICIT_FUNCTION_DECLARATIONS_AS_ERRORS</key>
				<string>YES</string>
				<key>GCC_TREAT_INCOMPATIBLE_POINTER_TYPE_WARNINGS_AS_ERRORS</key>
				<string>YES</string>
				<key>GCC_TREAT_WARNINGS_AS_ERRORS</key>
				<string>YES</string>
				<key>INFOPLIST_FILE</key>
				<string>StudentProjectInfotel/Supporting Files/Info.plist</string>
				<key>LD_RUNPATH_SEARCH_PATHS</key>
				<string>$(inherited) @executable_path/Frameworks</string>
				<key>OTHER_LDFLAGS</key>
				<array>
					<string>-Wall</string>
					<string>-Wextra</string>
					<string>-ObjC</string>
					<string>-Wpedantic</string>
					<string>-Weverything</string>
					<string>-Wnewline-eof</string>
					<string>-Wempty-body</string>
					<string>-Wshadow</string>
				</array>
				<key>PRODUCT_NAME</key>
				<string>$(TARGET_NAME)</string>
				<key>RUN_CLANG_STATIC_ANALYZER</key>
				<string>YES</string>
				<key>SWIFT_OBJC_BRIDGING_HEADER</key>
				<string>StudentProjectInfotel/StudentProjectInfotel-Bridging-Header.h</string>
			</dict>
			<key>isa</key>
			<string>XCBuildConfiguration</string>
			<key>name</key>
			<string>Release</string>
		</dict>
		<key>A525DB111A6A88600024580A</key>
		<dict>
			<key>buildConfigurations</key>
			<array>
				<string>A525DB121A6A88600024580A</string>
				<string>A525DB131A6A88600024580A</string>
			</array>
			<key>defaultConfigurationIsVisible</key>
			<string>0</string>
			<key>defaultConfigurationName</key>
			<string>Release</string>
			<key>isa</key>
			<string>XCConfigurationList</string>
		</dict>
		<key>A525DB121A6A88600024580A</key>
		<dict>
			<key>buildSettings</key>
			<dict>
				<key>BUNDLE_LOADER</key>
				<string>$(TEST_HOST)</string>
				<key>FRAMEWORK_SEARCH_PATHS</key>
				<array>
					<string>$(SDKROOT)/Developer/Library/Frameworks</string>
					<string>$(inherited)</string>
					<string>/Users/rebouhaymen/Documents/FacebookSDK</string>
					<string>/Users/rebouhaymen/Downloads/google-plus-ios-sdk-1.7.1</string>
				</array>
				<key>GCC_PREPROCESSOR_DEFINITIONS</key>
				<array>
					<string>DEBUG=1</string>
					<string>$(inherited)</string>
				</array>
				<key>INFOPLIST_FILE</key>
				<string>StudentProjectInfotelTests/Supporting Files/Info.plist</string>
				<key>LD_RUNPATH_SEARCH_PATHS</key>
				<string>$(inherited) @executable_path/Frameworks @loader_path/Frameworks</string>
				<key>PRODUCT_NAME</key>
				<string>$(TARGET_NAME)</string>
				<key>TEST_HOST</key>
				<string>$(BUILT_PRODUCTS_DIR)/StudentProjectInfotel.app/StudentProjectInfotel</string>
			</dict>
			<key>isa</key>
			<string>XCBuildConfiguration</string>
			<key>name</key>
			<string>Debug</string>
		</dict>
		<key>A525DB131A6A88600024580A</key>
		<dict>
			<key>buildSettings</key>
			<dict>
				<key>BUNDLE_LOADER</key>
				<string>$(TEST_HOST)</string>
				<key>FRAMEWORK_SEARCH_PATHS</key>
				<array>
					<string>$(SDKROOT)/Developer/Library/Frameworks</string>
					<string>$(inherited)</string>
					<string>/Users/rebouhaymen/Documents/FacebookSDK</string>
					<string>/Users/rebouhaymen/Downloads/google-plus-ios-sdk-1.7.1</string>
				</array>
				<key>INFOPLIST_FILE</key>
				<string>StudentProjectInfotelTests/Supporting Files/Info.plist</string>
				<key>LD_RUNPATH_SEARCH_PATHS</key>
				<string>$(inherited) @executable_path/Frameworks @loader_path/Frameworks</string>
				<key>PRODUCT_NAME</key>
				<string>$(TARGET_NAME)</string>
				<key>TEST_HOST</key>
				<string>$(BUILT_PRODUCTS_DIR)/StudentProjectInfotel.app/StudentProjectInfotel</string>
			</dict>
			<key>isa</key>
			<string>XCBuildConfiguration</string>
			<key>name</key>
			<string>Release</string>
		</dict>
		<key>A5294AD21A6C94FF00AD51FA</key>
		<dict>
			<key>children</key>
			<array>
				<string>A5294AD31A6C954800AD51FA</string>
				<string>A5294AD41A6C954800AD51FA</string>
				<string>A5294AD51A6C954800AD51FA</string>
			</array>
			<key>isa</key>
			<string>PBXGroup</string>
			<key>name</key>
			<string>Fonts</string>
			<key>path</key>
			<string>Fonts</string>
			<key>sourceTree</key>
			<string>&lt;group&gt;</string>
		</dict>
		<key>A5294AD31A6C954800AD51FA</key>
		<dict>
			<key>isa</key>
			<string>PBXFileReference</string>
			<key>lastKnownFileType</key>
			<string>file</string>
			<key>name</key>
			<string>ClearSans-Bold.ttf</string>
			<key>path</key>
			<string>ClearSans-Bold.ttf</string>
			<key>sourceTree</key>
			<string>&lt;group&gt;</string>
		</dict>
		<key>A5294AD41A6C954800AD51FA</key>
		<dict>
			<key>isa</key>
			<string>PBXFileReference</string>
			<key>lastKnownFileType</key>
			<string>file</string>
			<key>name</key>
			<string>ClearSans-Light.ttf</string>
			<key>path</key>
			<string>ClearSans-Light.ttf</string>
			<key>sourceTree</key>
			<string>&lt;group&gt;</string>
		</dict>
		<key>A5294AD51A6C954800AD51FA</key>
		<dict>
			<key>isa</key>
			<string>PBXFileReference</string>
			<key>lastKnownFileType</key>
			<string>file</string>
			<key>name</key>
			<string>ClearSans-Regular.ttf</string>
			<key>path</key>
			<string>ClearSans-Regular.ttf</string>
			<key>sourceTree</key>
			<string>&lt;group&gt;</string>
		</dict>
		<key>A5294AD61A6C963000AD51FA</key>
		<dict>
			<key>fileEncoding</key>
			<string>4</string>
			<key>isa</key>
			<string>PBXFileReference</string>
			<key>lastKnownFileType</key>
			<string>sourcecode.swift</string>
			<key>name</key>
			<string>JSSAlertView.swift</string>
			<key>path</key>
			<string>JSSAlertView.swift</string>
			<key>sourceTree</key>
			<string>&lt;group&gt;</string>
		</dict>
		<key>A5294AD71A6C963000AD51FA</key>
		<dict>
			<key>fileRef</key>
			<string>A5294AD61A6C963000AD51FA</string>
			<key>isa</key>
			<string>PBXBuildFile</string>
		</dict>
		<key>A52F0F0C1A70531600206DE7</key>
		<dict>
			<key>fileEncoding</key>
			<string>4</string>
			<key>isa</key>
			<string>PBXFileReference</string>
			<key>lastKnownFileType</key>
			<string>sourcecode.swift</string>
			<key>name</key>
			<string>PersistencyManager.swift</string>
			<key>path</key>
			<string>PersistencyManager.swift</string>
			<key>sourceTree</key>
			<string>&lt;group&gt;</string>
		</dict>
		<key>A52F0F0D1A70531600206DE7</key>
		<dict>
			<key>fileRef</key>
			<string>A52F0F0C1A70531600206DE7</string>
			<key>isa</key>
			<string>PBXBuildFile</string>
		</dict>
		<key>A52F0F0E1A70532C00206DE7</key>
		<dict>
			<key>fileEncoding</key>
			<string>4</string>
			<key>isa</key>
			<string>PBXFileReference</string>
			<key>lastKnownFileType</key>
			<string>sourcecode.swift</string>
			<key>name</key>
			<string>LocationManager.swift</string>
			<key>path</key>
			<string>LocationManager.swift</string>
			<key>sourceTree</key>
			<string>&lt;group&gt;</string>
		</dict>
		<key>A52F0F0F1A70532C00206DE7</key>
		<dict>
			<key>fileRef</key>
			<string>A52F0F0E1A70532C00206DE7</string>
			<key>isa</key>
			<string>PBXBuildFile</string>
		</dict>
		<key>A52F0F101A70B5C800206DE7</key>
		<dict>
			<key>children</key>
			<array>
				<string>A5294AD61A6C963000AD51FA</string>
			</array>
			<key>isa</key>
			<string>PBXGroup</string>
			<key>name</key>
			<string>JSSAlertView</string>
			<key>path</key>
			<string>JSSAlertView</string>
			<key>sourceTree</key>
			<string>&lt;group&gt;</string>
		</dict>
		<key>A52F0F111A70BC7A00206DE7</key>
		<dict>
			<key>children</key>
			<array>
				<string>A52F0F241A70BEE400206DE7</string>
				<string>A52F0F251A70BEE400206DE7</string>
				<string>A52F0F121A70BC7A00206DE7</string>
			</array>
			<key>isa</key>
			<string>PBXGroup</string>
			<key>name</key>
			<string>RAMAnimatedTabBarController</string>
			<key>path</key>
			<string>RAMAnimatedTabBarController</string>
			<key>sourceTree</key>
			<string>&lt;group&gt;</string>
		</dict>
		<key>A52F0F121A70BC7A00206DE7</key>
		<dict>
			<key>children</key>
			<array>
				<string>A52F0F131A70BC7A00206DE7</string>
				<string>A52F0F151A70BC7A00206DE7</string>
				<string>A52F0F171A70BC7A00206DE7</string>
				<string>A52F0F191A70BC7A00206DE7</string>
				<string>A52F0F1B1A70BC7A00206DE7</string>
			</array>
			<key>isa</key>
			<string>PBXGroup</string>
			<key>path</key>
			<string>Animations</string>
			<key>sourceTree</key>
			<string>&lt;group&gt;</string>
		</dict>
		<key>A52F0F131A70BC7A00206DE7</key>
		<dict>
			<key>children</key>
			<array>
				<string>A52F0F141A70BC7A00206DE7</string>
			</array>
			<key>isa</key>
			<string>PBXGroup</string>
			<key>path</key>
			<string>BounceAnimation</string>
			<key>sourceTree</key>
			<string>&lt;group&gt;</string>
		</dict>
		<key>A52F0F141A70BC7A00206DE7</key>
		<dict>
			<key>fileEncoding</key>
			<string>4</string>
			<key>isa</key>
			<string>PBXFileReference</string>
			<key>lastKnownFileType</key>
			<string>sourcecode.swift</string>
			<key>path</key>
			<string>RAMBounceAnimation.swift</string>
			<key>sourceTree</key>
			<string>&lt;group&gt;</string>
		</dict>
		<key>A52F0F151A70BC7A00206DE7</key>
		<dict>
			<key>children</key>
			<array>
				<string>A52F0F161A70BC7A00206DE7</string>
			</array>
			<key>isa</key>
			<string>PBXGroup</string>
			<key>path</key>
			<string>FrameAnimation</string>
			<key>sourceTree</key>
			<string>&lt;group&gt;</string>
		</dict>
		<key>A52F0F161A70BC7A00206DE7</key>
		<dict>
			<key>fileEncoding</key>
			<string>4</string>
			<key>isa</key>
			<string>PBXFileReference</string>
			<key>lastKnownFileType</key>
			<string>sourcecode.swift</string>
			<key>path</key>
			<string>RAMFrameItemAnimation.swift</string>
			<key>sourceTree</key>
			<string>&lt;group&gt;</string>
		</dict>
		<key>A52F0F171A70BC7A00206DE7</key>
		<dict>
			<key>children</key>
			<array>
				<string>A52F0F181A70BC7A00206DE7</string>
			</array>
			<key>isa</key>
			<string>PBXGroup</string>
			<key>path</key>
			<string>FumeAnimation</string>
			<key>sourceTree</key>
			<string>&lt;group&gt;</string>
		</dict>
		<key>A52F0F181A70BC7A00206DE7</key>
		<dict>
			<key>fileEncoding</key>
			<string>4</string>
			<key>isa</key>
			<string>PBXFileReference</string>
			<key>lastKnownFileType</key>
			<string>sourcecode.swift</string>
			<key>path</key>
			<string>RAMFumeAnimation.swift</string>
			<key>sourceTree</key>
			<string>&lt;group&gt;</string>
		</dict>
		<key>A52F0F191A70BC7A00206DE7</key>
		<dict>
			<key>children</key>
			<array>
				<string>A52F0F1A1A70BC7A00206DE7</string>
			</array>
			<key>isa</key>
			<string>PBXGroup</string>
			<key>path</key>
			<string>RotationAnimation</string>
			<key>sourceTree</key>
			<string>&lt;group&gt;</string>
		</dict>
		<key>A52F0F1A1A70BC7A00206DE7</key>
		<dict>
			<key>fileEncoding</key>
			<string>4</string>
			<key>isa</key>
			<string>PBXFileReference</string>
			<key>lastKnownFileType</key>
			<string>sourcecode.swift</string>
			<key>path</key>
			<string>RAMRotationAnimation.swift</string>
			<key>sourceTree</key>
			<string>&lt;group&gt;</string>
		</dict>
		<key>A52F0F1B1A70BC7A00206DE7</key>
		<dict>
			<key>children</key>
			<array>
				<string>A52F0F1C1A70BC7A00206DE7</string>
			</array>
			<key>isa</key>
			<string>PBXGroup</string>
			<key>path</key>
			<string>TransitionAniamtions</string>
			<key>sourceTree</key>
			<string>&lt;group&gt;</string>
		</dict>
		<key>A52F0F1C1A70BC7A00206DE7</key>
		<dict>
			<key>fileEncoding</key>
			<string>4</string>
			<key>isa</key>
			<string>PBXFileReference</string>
			<key>lastKnownFileType</key>
			<string>sourcecode.swift</string>
			<key>path</key>
			<string>RAMTransitionItemAnimation.swift</string>
			<key>sourceTree</key>
			<string>&lt;group&gt;</string>
		</dict>
		<key>A52F0F1D1A70BC7A00206DE7</key>
		<dict>
			<key>fileRef</key>
			<string>A52F0F141A70BC7A00206DE7</string>
			<key>isa</key>
			<string>PBXBuildFile</string>
		</dict>
		<key>A52F0F1E1A70BC7A00206DE7</key>
		<dict>
			<key>fileRef</key>
			<string>A52F0F161A70BC7A00206DE7</string>
			<key>isa</key>
			<string>PBXBuildFile</string>
		</dict>
		<key>A52F0F1F1A70BC7A00206DE7</key>
		<dict>
			<key>fileRef</key>
			<string>A52F0F181A70BC7A00206DE7</string>
			<key>isa</key>
			<string>PBXBuildFile</string>
		</dict>
		<key>A52F0F201A70BC7A00206DE7</key>
		<dict>
			<key>fileRef</key>
			<string>A52F0F1A1A70BC7A00206DE7</string>
			<key>isa</key>
			<string>PBXBuildFile</string>
		</dict>
		<key>A52F0F211A70BC7A00206DE7</key>
		<dict>
			<key>fileRef</key>
			<string>A52F0F1C1A70BC7A00206DE7</string>
			<key>isa</key>
			<string>PBXBuildFile</string>
		</dict>
		<key>A52F0F221A70BD1E00206DE7</key>
		<dict>
			<key>fileEncoding</key>
			<string>4</string>
			<key>isa</key>
			<string>PBXFileReference</string>
			<key>lastKnownFileType</key>
			<string>sourcecode.swift</string>
			<key>name</key>
			<string>BeaconFacade.swift</string>
			<key>path</key>
			<string>BeaconFacade.swift</string>
			<key>sourceTree</key>
			<string>&lt;group&gt;</string>
		</dict>
		<key>A52F0F231A70BD1E00206DE7</key>
		<dict>
			<key>fileRef</key>
			<string>A52F0F221A70BD1E00206DE7</string>
			<key>isa</key>
			<string>PBXBuildFile</string>
		</dict>
		<key>A52F0F241A70BEE400206DE7</key>
		<dict>
			<key>fileEncoding</key>
			<string>4</string>
			<key>isa</key>
			<string>PBXFileReference</string>
			<key>lastKnownFileType</key>
			<string>sourcecode.swift</string>
			<key>path</key>
			<string>RAMAnimatedTabBarController.swift</string>
			<key>sourceTree</key>
			<string>&lt;group&gt;</string>
		</dict>
		<key>A52F0F251A70BEE400206DE7</key>
		<dict>
			<key>fileEncoding</key>
			<string>4</string>
			<key>isa</key>
			<string>PBXFileReference</string>
			<key>lastKnownFileType</key>
			<string>sourcecode.swift</string>
			<key>path</key>
			<string>RAMItemAnimationProtocol.swift</string>
			<key>sourceTree</key>
			<string>&lt;group&gt;</string>
		</dict>
		<key>A52F0F261A70BEE400206DE7</key>
		<dict>
			<key>fileRef</key>
			<string>A52F0F241A70BEE400206DE7</string>
			<key>isa</key>
			<string>PBXBuildFile</string>
		</dict>
		<key>A52F0F271A70BEE400206DE7</key>
		<dict>
			<key>fileRef</key>
			<string>A52F0F251A70BEE400206DE7</string>
			<key>isa</key>
			<string>PBXBuildFile</string>
		</dict>
		<key>A56B05DD1A8ABBAF00BD8383</key>
		<dict>
			<key>buildActionMask</key>
			<string>2147483647</string>
			<key>files</key>
			<array/>
			<key>inputPaths</key>
			<array/>
			<key>isa</key>
			<string>PBXShellScriptBuildPhase</string>
			<key>name</key>
			<string>TODO/FIXME Warnings</string>
			<key>outputPaths</key>
			<array/>
			<key>runOnlyForDeploymentPostprocessing</key>
			<string>0</string>
			<key>shellPath</key>
			<string>/bin/sh</string>
			<key>shellScript</key>
			<string>TAGS="TODO:|FIXME:"
echo "searching ${SRCROOT} for ${TAGS}"
find "${SRCROOT}" \( -name "*.swift" \) -print0 | xargs -0 egrep --with-filename --line-number --only-matching "($TAGS).*\$" | perl -p -e "s/($TAGS)/ warning: \$1/"</string>
		</dict>
		<key>A570190A1A82BFF000C8F516</key>
		<dict>
			<key>isa</key>
			<string>PBXFileReference</string>
			<key>lastKnownFileType</key>
			<string>wrapper.framework</string>
			<key>name</key>
			<string>FacebookSDK.framework</string>
			<key>path</key>
			<string>../../../../../Documents/FacebookSDK/FacebookSDK.framework</string>
			<key>sourceTree</key>
			<string>&lt;group&gt;</string>
		</dict>
		<key>A570190B1A82BFF000C8F516</key>
		<dict>
			<key>fileRef</key>
			<string>A570190A1A82BFF000C8F516</string>
			<key>isa</key>
			<string>PBXBuildFile</string>
		</dict>
		<key>A570190D1A82C30200C8F516</key>
		<dict>
			<key>isa</key>
			<string>PBXFileReference</string>
			<key>lastKnownFileType</key>
			<string>sourcecode.c.h</string>
			<key>name</key>
			<string>StudentProjectInfotel-Bridging-Header.h</string>
			<key>path</key>
			<string>StudentProjectInfotel-Bridging-Header.h</string>
			<key>sourceTree</key>
			<string>&lt;group&gt;</string>
		</dict>
		<key>A594F8BF1A84185500C1B583</key>
		<dict>
			<key>fileEncoding</key>
			<string>4</string>
			<key>isa</key>
			<string>PBXFileReference</string>
			<key>lastKnownFileType</key>
			<string>sourcecode.swift</string>
			<key>name</key>
			<string>SwiftSpinner.swift</string>
			<key>path</key>
			<string>SwiftSpinner.swift</string>
			<key>sourceTree</key>
			<string>&lt;group&gt;</string>
		</dict>
		<key>A594F8C01A84185500C1B583</key>
		<dict>
			<key>fileRef</key>
			<string>A594F8BF1A84185500C1B583</string>
			<key>isa</key>
			<string>PBXBuildFile</string>
		</dict>
		<key>A594F8C11A84185E00C1B583</key>
		<dict>
			<key>children</key>
			<array>
				<string>A594F8BF1A84185500C1B583</string>
			</array>
			<key>isa</key>
			<string>PBXGroup</string>
			<key>name</key>
			<string>SwiftSpinner</string>
			<key>path</key>
			<string>SwiftSpinner</string>
			<key>sourceTree</key>
			<string>&lt;group&gt;</string>
		</dict>
		<key>A594F8C41A84246E00C1B583</key>
		<dict>
			<key>isa</key>
			<string>PBXFileReference</string>
			<key>lastKnownFileType</key>
			<string>image.jpeg</string>
			<key>name</key>
			<string>school.jpg</string>
			<key>path</key>
			<string>school.jpg</string>
			<key>sourceTree</key>
			<string>&lt;group&gt;</string>
		</dict>
		<key>A594F8C51A84246E00C1B583</key>
		<dict>
			<key>fileRef</key>
			<string>A594F8C41A84246E00C1B583</string>
			<key>isa</key>
			<string>PBXBuildFile</string>
		</dict>
		<key>A594F8CA1A856A2700C1B583</key>
		<dict>
			<key>fileEncoding</key>
			<string>4</string>
			<key>isa</key>
			<string>PBXFileReference</string>
			<key>lastKnownFileType</key>
			<string>sourcecode.swift</string>
			<key>name</key>
			<string>SignUpViewController.swift</string>
			<key>path</key>
			<string>SignUpViewController.swift</string>
			<key>sourceTree</key>
			<string>&lt;group&gt;</string>
		</dict>
		<key>A594F8CB1A856A2700C1B583</key>
		<dict>
			<key>fileRef</key>
			<string>A594F8CA1A856A2700C1B583</string>
			<key>isa</key>
			<string>PBXBuildFile</string>
		</dict>
		<key>A594F8CC1A856A5B00C1B583</key>
		<dict>
			<key>children</key>
			<array>
				<string>A594F8CA1A856A2700C1B583</string>
			</array>
			<key>isa</key>
			<string>PBXGroup</string>
			<key>name</key>
			<string>SignUp</string>
			<key>path</key>
			<string>SignUp</string>
			<key>sourceTree</key>
			<string>&lt;group&gt;</string>
		</dict>
		<key>A594F8CD1A85745F00C1B583</key>
		<dict>
			<key>isa</key>
			<string>PBXFileReference</string>
			<key>lastKnownFileType</key>
			<string>image.png</string>
			<key>name</key>
			<string>digital.png</string>
			<key>path</key>
			<string>digital.png</string>
			<key>sourceTree</key>
			<string>&lt;group&gt;</string>
		</dict>
		<key>A594F8CE1A85745F00C1B583</key>
		<dict>
			<key>fileRef</key>
			<string>A594F8CD1A85745F00C1B583</string>
			<key>isa</key>
			<string>PBXBuildFile</string>
		</dict>
		<key>A594F8CF1A8574F800C1B583</key>
		<dict>
			<key>isa</key>
			<string>PBXFileReference</string>
			<key>lastKnownFileType</key>
			<string>image.png</string>
			<key>name</key>
			<string>beacon2.png</string>
			<key>path</key>
			<string>beacon2.png</string>
			<key>sourceTree</key>
			<string>&lt;group&gt;</string>
		</dict>
		<key>A594F8D11A8574F800C1B583</key>
		<dict>
			<key>fileRef</key>
			<string>A594F8CF1A8574F800C1B583</string>
			<key>isa</key>
			<string>PBXBuildFile</string>
		</dict>
		<key>A594F8DD1A861C8500C1B583</key>
		<dict>
			<key>fileRef</key>
			<string>A594F8DF1A861C8500C1B583</string>
			<key>isa</key>
			<string>PBXBuildFile</string>
		</dict>
		<key>A594F8DE1A861C8500C1B583</key>
		<dict>
			<key>isa</key>
			<string>PBXFileReference</string>
			<key>lastKnownFileType</key>
			<string>file.storyboard</string>
			<key>name</key>
			<string>Base</string>
			<key>path</key>
			<string>Base.lproj/Main.storyboard</string>
			<key>sourceTree</key>
			<string>&lt;group&gt;</string>
		</dict>
		<key>A594F8DF1A861C8500C1B583</key>
		<dict>
			<key>children</key>
			<array>
				<string>A594F8DE1A861C8500C1B583</string>
			</array>
			<key>isa</key>
			<string>PBXVariantGroup</string>
			<key>name</key>
			<string>Main.storyboard</string>
			<key>path</key>
			<string>.</string>
			<key>sourceTree</key>
			<string>&lt;group&gt;</string>
		</dict>
		<key>A594F8E21A862BF700C1B583</key>
		<dict>
			<key>children</key>
			<array>
				<string>A59B84C81A8702BF0086D2FB</string>
				<string>A594F8E31A862C3700C1B583</string>
			</array>
			<key>isa</key>
			<string>PBXGroup</string>
			<key>name</key>
			<string>Alamofire-SwiftyJSON</string>
			<key>path</key>
			<string>Alamofire-SwiftyJSON</string>
			<key>sourceTree</key>
			<string>&lt;group&gt;</string>
		</dict>
		<key>A594F8E31A862C3700C1B583</key>
		<dict>
			<key>fileEncoding</key>
			<string>4</string>
			<key>isa</key>
			<string>PBXFileReference</string>
			<key>lastKnownFileType</key>
			<string>sourcecode.swift</string>
			<key>name</key>
			<string>SwiftyJSON.swift</string>
			<key>path</key>
			<string>SwiftyJSON.swift</string>
			<key>sourceTree</key>
			<string>&lt;group&gt;</string>
		</dict>
		<key>A594F8E41A862C3700C1B583</key>
		<dict>
			<key>fileRef</key>
			<string>A594F8E31A862C3700C1B583</string>
			<key>isa</key>
			<string>PBXBuildFile</string>
		</dict>
		<key>A5951A231A93F80000E6DB3B</key>
		<dict>
			<key>fileEncoding</key>
			<string>4</string>
			<key>isa</key>
			<string>PBXFileReference</string>
			<key>lastKnownFileType</key>
			<string>sourcecode.swift</string>
			<key>name</key>
			<string>CLProximityExtension.swift</string>
			<key>path</key>
			<string>CLProximityExtension.swift</string>
			<key>sourceTree</key>
			<string>&lt;group&gt;</string>
		</dict>
		<key>A5951A241A93F80000E6DB3B</key>
		<dict>
			<key>fileRef</key>
			<string>A5951A231A93F80000E6DB3B</string>
			<key>isa</key>
			<string>PBXBuildFile</string>
		</dict>
		<key>A5951A251A93FA2800E6DB3B</key>
		<dict>
			<key>fileEncoding</key>
			<string>4</string>
			<key>isa</key>
			<string>PBXFileReference</string>
			<key>lastKnownFileType</key>
			<string>sourcecode.swift</string>
			<key>name</key>
			<string>WalkthroughViewController.swift</string>
			<key>path</key>
			<string>WalkthroughViewController.swift</string>
			<key>sourceTree</key>
			<string>&lt;group&gt;</string>
		</dict>
		<key>A5951A261A93FA2800E6DB3B</key>
		<dict>
			<key>fileRef</key>
			<string>A5951A251A93FA2800E6DB3B</string>
			<key>isa</key>
			<string>PBXBuildFile</string>
		</dict>
		<key>A5951A281A95202F00E6DB3B</key>
		<dict>
			<key>fileEncoding</key>
			<string>4</string>
			<key>isa</key>
			<string>PBXFileReference</string>
			<key>lastKnownFileType</key>
			<string>sourcecode.swift</string>
			<key>path</key>
			<string>RoomCell.swift</string>
			<key>sourceTree</key>
			<string>&lt;group&gt;</string>
		</dict>
		<key>A5951A291A95202F00E6DB3B</key>
		<dict>
			<key>fileRef</key>
			<string>A5951A281A95202F00E6DB3B</string>
			<key>isa</key>
			<string>PBXBuildFile</string>
		</dict>
		<key>A5951A2A1A95206F00E6DB3B</key>
		<dict>
			<key>fileEncoding</key>
			<string>4</string>
			<key>isa</key>
			<string>PBXFileReference</string>
			<key>lastKnownFileType</key>
			<string>sourcecode.swift</string>
			<key>name</key>
			<string>Room.swift</string>
			<key>path</key>
			<string>Room.swift</string>
			<key>sourceTree</key>
			<string>&lt;group&gt;</string>
		</dict>
		<key>A5951A2B1A95206F00E6DB3B</key>
		<dict>
			<key>fileRef</key>
			<string>A5951A2A1A95206F00E6DB3B</string>
			<key>isa</key>
			<string>PBXBuildFile</string>
		</dict>
		<key>A59B84C81A8702BF0086D2FB</key>
		<dict>
			<key>fileEncoding</key>
			<string>4</string>
			<key>isa</key>
			<string>PBXFileReference</string>
			<key>lastKnownFileType</key>
			<string>sourcecode.swift</string>
			<key>name</key>
			<string>Alamofire.swift</string>
			<key>path</key>
			<string>Alamofire.swift</string>
			<key>sourceTree</key>
			<string>&lt;group&gt;</string>
		</dict>
		<key>A59B84C91A8702BF0086D2FB</key>
		<dict>
			<key>fileRef</key>
			<string>A59B84C81A8702BF0086D2FB</string>
			<key>isa</key>
			<string>PBXBuildFile</string>
		</dict>
		<key>A59B85EA1A82D39500468096</key>
		<dict>
			<key>fileEncoding</key>
			<string>4</string>
			<key>isa</key>
			<string>PBXFileReference</string>
			<key>lastKnownFileType</key>
			<string>sourcecode.swift</string>
			<key>name</key>
			<string>AuthenticationManager.swift</string>
			<key>path</key>
			<string>AuthenticationManager.swift</string>
			<key>sourceTree</key>
			<string>&lt;group&gt;</string>
		</dict>
		<key>A59B85EB1A82D39500468096</key>
		<dict>
			<key>fileRef</key>
			<string>A59B85EA1A82D39500468096</string>
			<key>isa</key>
			<string>PBXBuildFile</string>
		</dict>
		<key>A59B85EC1A839D6400468096</key>
		<dict>
			<key>children</key>
			<array>
				<string>A59B85ED1A839DF100468096</string>
			</array>
			<key>isa</key>
			<string>PBXGroup</string>
			<key>name</key>
			<string>Authentication</string>
			<key>path</key>
			<string>Authentication</string>
			<key>sourceTree</key>
			<string>&lt;group&gt;</string>
		</dict>
		<key>A59B85ED1A839DF100468096</key>
		<dict>
			<key>fileEncoding</key>
			<string>4</string>
			<key>isa</key>
			<string>PBXFileReference</string>
			<key>lastKnownFileType</key>
			<string>sourcecode.swift</string>
			<key>name</key>
			<string>AuthenticationViewController.swift</string>
			<key>path</key>
			<string>AuthenticationViewController.swift</string>
			<key>sourceTree</key>
			<string>&lt;group&gt;</string>
		</dict>
		<key>A59B85EE1A839DF100468096</key>
		<dict>
			<key>fileRef</key>
			<string>A59B85ED1A839DF100468096</string>
			<key>isa</key>
			<string>PBXBuildFile</string>
		</dict>
		<key>A59B85EF1A83F63400468096</key>
		<dict>
			<key>isa</key>
			<string>PBXFileReference</string>
			<key>lastKnownFileType</key>
			<string>wrapper.framework</string>
			<key>name</key>
			<string>GoogleOpenSource.framework</string>
			<key>path</key>
			<string>../../../../../../Downloads/google-plus-ios-sdk-1.7.1/GoogleOpenSource.framework</string>
			<key>sourceTree</key>
			<string>&lt;group&gt;</string>
		</dict>
		<key>A59B85F01A83F63400468096</key>
		<dict>
			<key>isa</key>
			<string>PBXFileReference</string>
			<key>lastKnownFileType</key>
			<string>wrapper.plug-in</string>
			<key>name</key>
			<string>GooglePlus.bundle</string>
			<key>path</key>
			<string>../../../../../../Downloads/google-plus-ios-sdk-1.7.1/GooglePlus.bundle</string>
			<key>sourceTree</key>
			<string>&lt;group&gt;</string>
		</dict>
		<key>A59B85F11A83F63400468096</key>
		<dict>
			<key>isa</key>
			<string>PBXFileReference</string>
			<key>lastKnownFileType</key>
			<string>wrapper.framework</string>
			<key>name</key>
			<string>GooglePlus.framework</string>
			<key>path</key>
			<string>../../../../../../Downloads/google-plus-ios-sdk-1.7.1/GooglePlus.framework</string>
			<key>sourceTree</key>
			<string>&lt;group&gt;</string>
		</dict>
		<key>A59B85F21A83F63400468096</key>
		<dict>
			<key>fileRef</key>
			<string>A59B85EF1A83F63400468096</string>
			<key>isa</key>
			<string>PBXBuildFile</string>
		</dict>
		<key>A59B85F31A83F63400468096</key>
		<dict>
			<key>fileRef</key>
			<string>A59B85F01A83F63400468096</string>
			<key>isa</key>
			<string>PBXBuildFile</string>
		</dict>
		<key>A59B85F41A83F63400468096</key>
		<dict>
			<key>fileRef</key>
			<string>A59B85F11A83F63400468096</string>
			<key>isa</key>
			<string>PBXBuildFile</string>
		</dict>
		<key>A59B85F51A83F63800468096</key>
		<dict>
			<key>children</key>
			<array>
				<string>A59B85EF1A83F63400468096</string>
				<string>A59B85F01A83F63400468096</string>
				<string>A59B85F11A83F63400468096</string>
			</array>
			<key>isa</key>
			<string>PBXGroup</string>
			<key>name</key>
			<string>Google+</string>
			<key>path</key>
			<string>Google+</string>
			<key>sourceTree</key>
			<string>&lt;group&gt;</string>
		</dict>
		<key>A59B85F61A83FD2800468096</key>
		<dict>
			<key>isa</key>
			<string>PBXFileReference</string>
			<key>lastKnownFileType</key>
			<string>wrapper.framework</string>
			<key>name</key>
			<string>AddressBook.framework</string>
			<key>path</key>
			<string>System/Library/Frameworks/AddressBook.framework</string>
			<key>sourceTree</key>
			<string>SDKROOT</string>
		</dict>
		<key>A59B85F71A83FD2800468096</key>
		<dict>
			<key>fileRef</key>
			<string>A59B85F61A83FD2800468096</string>
			<key>isa</key>
			<string>PBXBuildFile</string>
		</dict>
		<key>A59B85F81A83FD2E00468096</key>
		<dict>
			<key>isa</key>
			<string>PBXFileReference</string>
			<key>lastKnownFileType</key>
			<string>wrapper.framework</string>
			<key>name</key>
			<string>AssetsLibrary.framework</string>
			<key>path</key>
			<string>System/Library/Frameworks/AssetsLibrary.framework</string>
			<key>sourceTree</key>
			<string>SDKROOT</string>
		</dict>
		<key>A59B85F91A83FD2E00468096</key>
		<dict>
			<key>fileRef</key>
			<string>A59B85F81A83FD2E00468096</string>
			<key>isa</key>
			<string>PBXBuildFile</string>
		</dict>
		<key>A59B85FA1A83FD3300468096</key>
		<dict>
			<key>isa</key>
			<string>PBXFileReference</string>
			<key>lastKnownFileType</key>
			<string>wrapper.framework</string>
			<key>name</key>
			<string>Foundation.framework</string>
			<key>path</key>
			<string>System/Library/Frameworks/Foundation.framework</string>
			<key>sourceTree</key>
			<string>SDKROOT</string>
		</dict>
		<key>A59B85FB1A83FD3300468096</key>
		<dict>
			<key>fileRef</key>
			<string>A59B85FA1A83FD3300468096</string>
			<key>isa</key>
			<string>PBXBuildFile</string>
		</dict>
		<key>A59B85FC1A83FD3D00468096</key>
		<dict>
			<key>isa</key>
			<string>PBXFileReference</string>
			<key>lastKnownFileType</key>
			<string>wrapper.framework</string>
			<key>name</key>
			<string>CoreMotion.framework</string>
			<key>path</key>
			<string>System/Library/Frameworks/CoreMotion.framework</string>
			<key>sourceTree</key>
			<string>SDKROOT</string>
		</dict>
		<key>A59B85FD1A83FD3D00468096</key>
		<dict>
			<key>fileRef</key>
			<string>A59B85FC1A83FD3D00468096</string>
			<key>isa</key>
			<string>PBXBuildFile</string>
		</dict>
		<key>A59B85FE1A83FD4300468096</key>
		<dict>
			<key>isa</key>
			<string>PBXFileReference</string>
			<key>lastKnownFileType</key>
			<string>wrapper.framework</string>
			<key>name</key>
			<string>CoreGraphics.framework</string>
			<key>path</key>
			<string>System/Library/Frameworks/CoreGraphics.framework</string>
			<key>sourceTree</key>
			<string>SDKROOT</string>
		</dict>
		<key>A59B85FF1A83FD4300468096</key>
		<dict>
			<key>fileRef</key>
			<string>A59B85FE1A83FD4300468096</string>
			<key>isa</key>
			<string>PBXBuildFile</string>
		</dict>
		<key>A59B86001A83FD4A00468096</key>
		<dict>
			<key>isa</key>
			<string>PBXFileReference</string>
			<key>lastKnownFileType</key>
			<string>wrapper.framework</string>
			<key>name</key>
			<string>MediaPlayer.framework</string>
			<key>path</key>
			<string>System/Library/Frameworks/MediaPlayer.framework</string>
			<key>sourceTree</key>
			<string>SDKROOT</string>
		</dict>
		<key>A59B86011A83FD4A00468096</key>
		<dict>
			<key>fileRef</key>
			<string>A59B86001A83FD4A00468096</string>
			<key>isa</key>
			<string>PBXBuildFile</string>
		</dict>
		<key>A59B86021A83FD5100468096</key>
		<dict>
			<key>isa</key>
			<string>PBXFileReference</string>
			<key>lastKnownFileType</key>
			<string>wrapper.framework</string>
			<key>name</key>
			<string>CoreText.framework</string>
			<key>path</key>
			<string>System/Library/Frameworks/CoreText.framework</string>
			<key>sourceTree</key>
			<string>SDKROOT</string>
		</dict>
		<key>A59B86031A83FD5100468096</key>
		<dict>
			<key>fileRef</key>
			<string>A59B86021A83FD5100468096</string>
			<key>isa</key>
			<string>PBXBuildFile</string>
		</dict>
		<key>A59B86041A83FD5700468096</key>
		<dict>
			<key>isa</key>
			<string>PBXFileReference</string>
			<key>lastKnownFileType</key>
			<string>wrapper.framework</string>
			<key>name</key>
			<string>Security.framework</string>
			<key>path</key>
			<string>System/Library/Frameworks/Security.framework</string>
			<key>sourceTree</key>
			<string>SDKROOT</string>
		</dict>
		<key>A59B86051A83FD5700468096</key>
		<dict>
			<key>fileRef</key>
			<string>A59B86041A83FD5700468096</string>
			<key>isa</key>
			<string>PBXBuildFile</string>
		</dict>
		<key>A59B86061A83FD6000468096</key>
		<dict>
			<key>isa</key>
			<string>PBXFileReference</string>
			<key>lastKnownFileType</key>
			<string>wrapper.framework</string>
			<key>name</key>
			<string>SystemConfiguration.framework</string>
			<key>path</key>
			<string>System/Library/Frameworks/SystemConfiguration.framework</string>
			<key>sourceTree</key>
			<string>SDKROOT</string>
		</dict>
		<key>A59B86071A83FD6000468096</key>
		<dict>
			<key>fileRef</key>
			<string>A59B86061A83FD6000468096</string>
			<key>isa</key>
			<string>PBXBuildFile</string>
		</dict>
		<key>A59B86081A83FD6500468096</key>
		<dict>
			<key>isa</key>
			<string>PBXFileReference</string>
			<key>lastKnownFileType</key>
			<string>wrapper.framework</string>
			<key>name</key>
			<string>UIKit.framework</string>
			<key>path</key>
			<string>System/Library/Frameworks/UIKit.framework</string>
			<key>sourceTree</key>
			<string>SDKROOT</string>
		</dict>
		<key>A59B86091A83FD6500468096</key>
		<dict>
			<key>fileRef</key>
			<string>A59B86081A83FD6500468096</string>
			<key>isa</key>
			<string>PBXBuildFile</string>
		</dict>
		<key>A5C1E46A1A81650D006FECB1</key>
		<dict>
			<key>children</key>
			<array>
				<string>A594F8CD1A85745F00C1B583</string>
				<string>A594F8C41A84246E00C1B583</string>
				<string>A594F8CF1A8574F800C1B583</string>
				<string>A5C1E4791A816815006FECB1</string>
			</array>
			<key>isa</key>
			<string>PBXGroup</string>
			<key>name</key>
			<string>Walkthrough</string>
			<key>path</key>
			<string>Walkthrough</string>
			<key>sourceTree</key>
			<string>&lt;group&gt;</string>
		</dict>
		<key>A5C1E4791A816815006FECB1</key>
		<dict>
			<key>isa</key>
			<string>PBXFileReference</string>
			<key>lastKnownFileType</key>
			<string>image.jpeg</string>
			<key>name</key>
			<string>IoT.jpg</string>
			<key>path</key>
			<string>IoT.jpg</string>
			<key>sourceTree</key>
			<string>&lt;group&gt;</string>
		</dict>
		<key>A5C1E47A1A816815006FECB1</key>
		<dict>
			<key>fileRef</key>
			<string>A5C1E4791A816815006FECB1</string>
			<key>isa</key>
			<string>PBXBuildFile</string>
		</dict>
		<key>A5C1E47B1A81700D006FECB1</key>
		<dict>
			<key>children</key>
			<array>
				<string>A5951A251A93FA2800E6DB3B</string>
			</array>
			<key>isa</key>
			<string>PBXGroup</string>
			<key>name</key>
			<string>Walkthrough</string>
			<key>path</key>
			<string>Walkthrough</string>
			<key>sourceTree</key>
			<string>&lt;group&gt;</string>
		</dict>
		<key>A5C4F3CE1A98D61800CBD853</key>
		<dict>
			<key>isa</key>
			<string>PBXFileReference</string>
			<key>lastKnownFileType</key>
			<string>folder.assetcatalog</string>
			<key>path</key>
			<string>Images.xcassets</string>
			<key>sourceTree</key>
			<string>&lt;group&gt;</string>
		</dict>
		<key>A5C4F3CF1A98D61800CBD853</key>
		<dict>
			<key>fileRef</key>
			<string>A5C4F3CE1A98D61800CBD853</string>
			<key>isa</key>
			<string>PBXBuildFile</string>
		</dict>
		<key>A5C914001A8AA529009B74FD</key>
		<dict>
			<key>children</key>
			<array>
				<string>A5C914011A8AA5B9009B74FD</string>
			</array>
			<key>isa</key>
			<string>PBXGroup</string>
			<key>name</key>
			<string>Profil</string>
			<key>path</key>
			<string>Profil</string>
			<key>sourceTree</key>
			<string>&lt;group&gt;</string>
		</dict>
		<key>A5C914011A8AA5B9009B74FD</key>
		<dict>
			<key>fileEncoding</key>
			<string>4</string>
			<key>isa</key>
			<string>PBXFileReference</string>
			<key>lastKnownFileType</key>
			<string>sourcecode.swift</string>
			<key>name</key>
			<string>ProfilViewController.swift</string>
			<key>path</key>
			<string>ProfilViewController.swift</string>
			<key>sourceTree</key>
			<string>&lt;group&gt;</string>
		</dict>
		<key>A5C914021A8AA5B9009B74FD</key>
		<dict>
			<key>fileRef</key>
			<string>A5C914011A8AA5B9009B74FD</string>
			<key>isa</key>
			<string>PBXBuildFile</string>
		</dict>
		<key>A5CB85981A954D480091B52F</key>
		<dict>
			<key>fileEncoding</key>
			<string>4</string>
			<key>isa</key>
			<string>PBXFileReference</string>
			<key>lastKnownFileType</key>
			<string>sourcecode.swift</string>
			<key>name</key>
			<string>UIColorExtension.swift</string>
			<key>path</key>
			<string>UIColorExtension.swift</string>
			<key>sourceTree</key>
			<string>&lt;group&gt;</string>
		</dict>
		<key>A5CB85991A954D480091B52F</key>
		<dict>
			<key>fileRef</key>
			<string>A5CB85981A954D480091B52F</string>
			<key>isa</key>
			<string>PBXBuildFile</string>
		</dict>
		<key>A5E5EC871A952EE8007CF4E8</key>
		<dict>
			<key>fileEncoding</key>
			<string>4</string>
			<key>isa</key>
			<string>PBXFileReference</string>
			<key>lastKnownFileType</key>
			<string>sourcecode.swift</string>
			<key>name</key>
			<string>RoomsHomeViewController.swift</string>
			<key>path</key>
			<string>RoomsHomeViewController.swift</string>
			<key>sourceTree</key>
			<string>&lt;group&gt;</string>
		</dict>
		<key>A5E5EC881A952EE8007CF4E8</key>
		<dict>
			<key>fileRef</key>
			<string>A5E5EC871A952EE8007CF4E8</string>
			<key>isa</key>
			<string>PBXBuildFile</string>
		</dict>
		<key>A5E5EC891A952F19007CF4E8</key>
		<dict>
			<key>children</key>
			<array>
				<string>A5E5EC871A952EE8007CF4E8</string>
				<string>A523B2331A96A19900D38277</string>
			</array>
			<key>isa</key>
			<string>PBXGroup</string>
			<key>name</key>
			<string>Rooms</string>
			<key>path</key>
			<string>Rooms</string>
			<key>sourceTree</key>
			<string>&lt;group&gt;</string>
		</dict>
		<key>A5E8C9461A98A124003DEF80</key>
		<dict>
			<key>children</key>
			<array>
				<string>A5E8C9471A98A163003DEF80</string>
			</array>
			<key>isa</key>
			<string>PBXGroup</string>
			<key>name</key>
			<string>Splash</string>
			<key>path</key>
			<string>Splash</string>
			<key>sourceTree</key>
			<string>&lt;group&gt;</string>
		</dict>
		<key>A5E8C9471A98A163003DEF80</key>
		<dict>
			<key>fileEncoding</key>
			<string>4</string>
			<key>isa</key>
			<string>PBXFileReference</string>
			<key>lastKnownFileType</key>
			<string>sourcecode.swift</string>
			<key>name</key>
			<string>SplashViewController.swift</string>
			<key>path</key>
			<string>SplashViewController.swift</string>
			<key>sourceTree</key>
			<string>&lt;group&gt;</string>
		</dict>
		<key>A5E8C9481A98A163003DEF80</key>
		<dict>
			<key>fileRef</key>
			<string>A5E8C9471A98A163003DEF80</string>
			<key>isa</key>
			<string>PBXBuildFile</string>
		</dict>
		<key>A5E8C9511A98AAA2003DEF80</key>
		<dict>
			<key>isa</key>
			<string>PBXFileReference</string>
			<key>lastKnownFileType</key>
			<string>image.png</string>
			<key>path</key>
			<string>estimote.png</string>
			<key>sourceTree</key>
			<string>&lt;group&gt;</string>
		</dict>
		<key>A5E8C9521A98AAA2003DEF80</key>
		<dict>
			<key>fileRef</key>
			<string>A5E8C9511A98AAA2003DEF80</string>
			<key>isa</key>
			<string>PBXBuildFile</string>
		</dict>
		<key>A5E8C9531A98AC33003DEF80</key>
		<dict>
			<key>isa</key>
			<string>PBXFileReference</string>
			<key>lastKnownFileType</key>
			<string>image.png</string>
			<key>path</key>
			<string>estimoteReverse.png</string>
			<key>sourceTree</key>
			<string>&lt;group&gt;</string>
		</dict>
		<key>A5E8C9541A98AC33003DEF80</key>
		<dict>
			<key>fileRef</key>
			<string>A5E8C9531A98AC33003DEF80</string>
			<key>isa</key>
			<string>PBXBuildFile</string>
		</dict>
		<key>A5F336A41A6DD00A00DDF59B</key>
		<dict>
			<key>fileEncoding</key>
			<string>4</string>
			<key>isa</key>
			<string>PBXFileReference</string>
			<key>lastKnownFileType</key>
			<string>sourcecode.swift</string>
			<key>name</key>
			<string>Beacon.swift</string>
			<key>path</key>
			<string>Beacon.swift</string>
			<key>sourceTree</key>
			<string>&lt;group&gt;</string>
		</dict>
		<key>A5F336A51A6DD00A00DDF59B</key>
		<dict>
			<key>fileRef</key>
			<string>A5F336A41A6DD00A00DDF59B</string>
			<key>isa</key>
			<string>PBXBuildFile</string>
		</dict>
		<key>A5F336A61A6DD1CF00DDF59B</key>
		<dict>
			<key>isa</key>
			<string>PBXFileReference</string>
			<key>lastKnownFileType</key>
			<string>wrapper.framework</string>
			<key>name</key>
			<string>CoreLocation.framework</string>
			<key>path</key>
			<string>System/Library/Frameworks/CoreLocation.framework</string>
			<key>sourceTree</key>
			<string>SDKROOT</string>
		</dict>
		<key>A5F336A71A6DD1CF00DDF59B</key>
		<dict>
			<key>fileRef</key>
			<string>A5F336A61A6DD1CF00DDF59B</string>
			<key>isa</key>
			<string>PBXBuildFile</string>
		</dict>
		<key>A5F336A81A6DD1D800DDF59B</key>
		<dict>
			<key>children</key>
			<array>
				<string>A59B86081A83FD6500468096</string>
				<string>A59B86061A83FD6000468096</string>
				<string>A59B86041A83FD5700468096</string>
				<string>A59B86021A83FD5100468096</string>
				<string>A59B86001A83FD4A00468096</string>
				<string>A59B85FE1A83FD4300468096</string>
				<string>A59B85FC1A83FD3D00468096</string>
				<string>A59B85FA1A83FD3300468096</string>
				<string>A59B85F81A83FD2E00468096</string>
				<string>A59B85F61A83FD2800468096</string>
				<string>A570190A1A82BFF000C8F516</string>
				<string>A5F336A61A6DD1CF00DDF59B</string>
				<string>A59B85F51A83F63800468096</string>
			</array>
			<key>isa</key>
			<string>PBXGroup</string>
			<key>name</key>
			<string>Frameworks</string>
			<key>path</key>
			<string>Frameworks</string>
			<key>sourceTree</key>
			<string>&lt;group&gt;</string>
		</dict>
		<key>A5FE76271A86A44200BBE51B</key>
		<dict>
			<key>children</key>
			<array>
				<string>A5CB85981A954D480091B52F</string>
				<string>A5FE76281A86A48D00BBE51B</string>
				<string>A502A00C1A86DF2D00376149</string>
				<string>A5951A231A93F80000E6DB3B</string>
			</array>
			<key>isa</key>
			<string>PBXGroup</string>
			<key>name</key>
			<string>Extensions</string>
			<key>path</key>
			<string>Extensions</string>
			<key>sourceTree</key>
			<string>&lt;group&gt;</string>
		</dict>
		<key>A5FE76281A86A48D00BBE51B</key>
		<dict>
			<key>fileEncoding</key>
			<string>4</string>
			<key>isa</key>
			<string>PBXFileReference</string>
			<key>lastKnownFileType</key>
			<string>sourcecode.swift</string>
			<key>name</key>
			<string>UIViewExtensions.swift</string>
			<key>path</key>
			<string>UIViewExtensions.swift</string>
			<key>sourceTree</key>
			<string>&lt;group&gt;</string>
		</dict>
		<key>A5FE76291A86A48D00BBE51B</key>
		<dict>
			<key>fileRef</key>
			<string>A5FE76281A86A48D00BBE51B</string>
			<key>isa</key>
			<string>PBXBuildFile</string>
		</dict>
		<key>A5FF89C71A6A9D0A00564555</key>
		<dict>
			<key>children</key>
			<array>
				<string>A52F0F0C1A70531600206DE7</string>
				<string>A52F0F0E1A70532C00206DE7</string>
				<string>A59B85EA1A82D39500468096</string>
			</array>
			<key>isa</key>
			<string>PBXGroup</string>
			<key>name</key>
			<string>Managers</string>
			<key>path</key>
			<string>Managers</string>
			<key>sourceTree</key>
			<string>&lt;group&gt;</string>
		</dict>
		<key>A5FF89C81A6A9D1100564555</key>
		<dict>
			<key>children</key>
			<array>
				<string>A5951A281A95202F00E6DB3B</string>
				<string>A523B2351A96A31F00D38277</string>
			</array>
			<key>isa</key>
			<string>PBXGroup</string>
			<key>name</key>
			<string>Views</string>
			<key>path</key>
			<string>Views</string>
			<key>sourceTree</key>
			<string>&lt;group&gt;</string>
		</dict>
		<key>A5FF89C91A6A9D1700564555</key>
		<dict>
			<key>children</key>
			<array>
				<string>A5951A2A1A95206F00E6DB3B</string>
				<string>A5F336A41A6DD00A00DDF59B</string>
				<string>A523B2371A96A4A400D38277</string>
			</array>
			<key>isa</key>
			<string>PBXGroup</string>
			<key>name</key>
			<string>Models</string>
			<key>path</key>
			<string>Models</string>
			<key>sourceTree</key>
			<string>&lt;group&gt;</string>
		</dict>
		<key>A5FF89CA1A6A9D1C00564555</key>
		<dict>
			<key>children</key>
			<array>
				<string>A5E8C9461A98A124003DEF80</string>
				<string>A5E5EC891A952F19007CF4E8</string>
				<string>A5C914001A8AA529009B74FD</string>
				<string>A594F8CC1A856A5B00C1B583</string>
				<string>A59B85EC1A839D6400468096</string>
				<string>A5C1E47B1A81700D006FECB1</string>
			</array>
			<key>isa</key>
			<string>PBXGroup</string>
			<key>name</key>
			<string>Controllers</string>
			<key>path</key>
			<string>Controllers</string>
			<key>sourceTree</key>
			<string>&lt;group&gt;</string>
		</dict>
		<key>A5FF89CB1A6A9D3E00564555</key>
		<dict>
			<key>children</key>
			<array>
				<string>A52F0F221A70BD1E00206DE7</string>
			</array>
			<key>isa</key>
			<string>PBXGroup</string>
			<key>name</key>
			<string>Facade</string>
			<key>path</key>
			<string>Facade</string>
			<key>sourceTree</key>
			<string>&lt;group&gt;</string>
		</dict>
		<key>A5FF89CC1A6A9D4300564555</key>
		<dict>
			<key>children</key>
			<array>
				<string>A523B21F1A968A7C00D38277</string>
				<string>A523B2191A96755C00D38277</string>
				<string>A594F8E21A862BF700C1B583</string>
				<string>A594F8C11A84185E00C1B583</string>
				<string>A52F0F111A70BC7A00206DE7</string>
				<string>A52F0F101A70B5C800206DE7</string>
			</array>
			<key>isa</key>
			<string>PBXGroup</string>
			<key>name</key>
			<string>Librairies</string>
			<key>path</key>
			<string>Librairies</string>
			<key>sourceTree</key>
			<string>&lt;group&gt;</string>
		</dict>
		<key>A5FF89CD1A6A9D5500564555</key>
		<dict>
			<key>children</key>
			<array>
				<string>A5C4F3CE1A98D61800CBD853</string>
				<string>A594F8DF1A861C8500C1B583</string>
				<string>A523B2311A96A11B00D38277</string>
				<string>A524FB971A991F8E0040C725</string>
				<string>A524FB981A991F8E0040C725</string>
				<string>A524FB991A991F8E0040C725</string>
				<string>A5E8C9511A98AAA2003DEF80</string>
				<string>A5E8C9531A98AC33003DEF80</string>
				<string>A523B22F1A969F7B00D38277</string>
				<string>A523B22D1A969D6500D38277</string>
				<string>A5C1E46A1A81650D006FECB1</string>
				<string>A5294AD21A6C94FF00AD51FA</string>
			</array>
			<key>isa</key>
			<string>PBXGroup</string>
			<key>name</key>
			<string>Assets</string>
			<key>path</key>
			<string>Assets</string>
			<key>sourceTree</key>
			<string>&lt;group&gt;</string>
		</dict>
	</dict>
	<key>rootObject</key>
	<string>A525DAE71A6A88600024580A</string>
</dict>
</plist>
